// !$*UTF8*$!
{
	archiveVersion = 1;
	classes = {
	};
	objectVersion = 48;
	objects = {

/* Begin PBXBuildFile section */
		E115D66D210FFA57007514FE /* AppDelegate.m in Sources */ = {isa = PBXBuildFile; fileRef = E115D66C210FFA57007514FE /* AppDelegate.m */; };
		E115D670210FFA57007514FE /* ViewController.m in Sources */ = {isa = PBXBuildFile; fileRef = E115D66F210FFA57007514FE /* ViewController.m */; };
		E115D673210FFA57007514FE /* Main.storyboard in Resources */ = {isa = PBXBuildFile; fileRef = E115D671210FFA57007514FE /* Main.storyboard */; };
		E115D675210FFA57007514FE /* Assets.xcassets in Resources */ = {isa = PBXBuildFile; fileRef = E115D674210FFA57007514FE /* Assets.xcassets */; };
		E115D678210FFA57007514FE /* LaunchScreen.storyboard in Resources */ = {isa = PBXBuildFile; fileRef = E115D676210FFA57007514FE /* LaunchScreen.storyboard */; };
		E115D67B210FFA58007514FE /* main.m in Sources */ = {isa = PBXBuildFile; fileRef = E115D67A210FFA58007514FE /* main.m */; };
/* End PBXBuildFile section */

/* Begin PBXFileReference section */
		E115D668210FFA57007514FE /* ObjectiveCTools.app */ = {isa = PBXFileReference; explicitFileType = wrapper.application; includeInIndex = 0; path = ObjectiveCTools.app; sourceTree = BUILT_PRODUCTS_DIR; };
		E115D66B210FFA57007514FE /* AppDelegate.h */ = {isa = PBXFileReference; lastKnownFileType = sourcecode.c.h; path = AppDelegate.h; sourceTree = "<group>"; };
		E115D66C210FFA57007514FE /* AppDelegate.m */ = {isa = PBXFileReference; lastKnownFileType = sourcecode.c.objc; path = AppDelegate.m; sourceTree = "<group>"; };
		E115D66E210FFA57007514FE /* ViewController.h */ = {isa = PBXFileReference; lastKnownFileType = sourcecode.c.h; path = ViewController.h; sourceTree = "<group>"; };
		E115D66F210FFA57007514FE /* ViewController.m */ = {isa = PBXFileReference; lastKnownFileType = sourcecode.c.objc; path = ViewController.m; sourceTree = "<group>"; };
		E115D672210FFA57007514FE /* Base */ = {isa = PBXFileReference; lastKnownFileType = file.storyboard; name = Base; path = Base.lproj/Main.storyboard; sourceTree = "<group>"; };
		E115D674210FFA57007514FE /* Assets.xcassets */ = {isa = PBXFileReference; lastKnownFileType = folder.assetcatalog; path = Assets.xcassets; sourceTree = "<group>"; };
		E115D677210FFA57007514FE /* Base */ = {isa = PBXFileReference; lastKnownFileType = file.storyboard; name = Base; path = Base.lproj/LaunchScreen.storyboard; sourceTree = "<group>"; };
		E115D679210FFA58007514FE /* Info.plist */ = {isa = PBXFileReference; lastKnownFileType = text.plist.xml; path = Info.plist; sourceTree = "<group>"; };
		E115D67A210FFA58007514FE /* main.m */ = {isa = PBXFileReference; lastKnownFileType = sourcecode.c.objc; path = main.m; sourceTree = "<group>"; };
/* End PBXFileReference section */

/* Begin PBXFrameworksBuildPhase section */
		E115D665210FFA57007514FE /* Frameworks */ = {
			isa = PBXFrameworksBuildPhase;
			buildActionMask = 2147483647;
			files = (
			);
			runOnlyForDeploymentPostprocessing = 0;
		};
/* End PBXFrameworksBuildPhase section */

/* Begin PBXGroup section */
		E115D65F210FFA57007514FE = {
			isa = PBXGroup;
			children = (
				E115D66A210FFA57007514FE /* ObjectiveCTools */,
				E115D669210FFA57007514FE /* Products */,
			);
			sourceTree = "<group>";
		};
		E115D669210FFA57007514FE /* Products */ = {
			isa = PBXGroup;
			children = (
				E115D668210FFA57007514FE /* ObjectiveCTools.app */,
			);
			name = Products;
			sourceTree = "<group>";
		};
		E115D66A210FFA57007514FE /* ObjectiveCTools */ = {
			isa = PBXGroup;
			children = (
				E115D66B210FFA57007514FE /* AppDelegate.h */,
				E115D66C210FFA57007514FE /* AppDelegate.m */,
				E115D66E210FFA57007514FE /* ViewController.h */,
				E115D66F210FFA57007514FE /* ViewController.m */,
				E115D671210FFA57007514FE /* Main.storyboard */,
				E115D674210FFA57007514FE /* Assets.xcassets */,
				E115D676210FFA57007514FE /* LaunchScreen.storyboard */,
				E115D679210FFA58007514FE /* Info.plist */,
				E115D67A210FFA58007514FE /* main.m */,
			);
			path = ObjectiveCTools;
			sourceTree = "<group>";
		};
/* End PBXGroup section */

/* Begin PBXNativeTarget section */
		E115D667210FFA57007514FE /* ObjectiveCTools */ = {
			isa = PBXNativeTarget;
			buildConfigurationList = E115D67E210FFA58007514FE /* Build configuration list for PBXNativeTarget "ObjectiveCTools" */;
			buildPhases = (
				E115D664210FFA57007514FE /* Sources */,
				E115D665210FFA57007514FE /* Frameworks */,
				E115D666210FFA57007514FE /* Resources */,
			);
			buildRules = (
			);
			dependencies = (
			);
			name = ObjectiveCTools;
			productName = ObjectiveCTools;
			productReference = E115D668210FFA57007514FE /* ObjectiveCTools.app */;
			productType = "com.apple.product-type.application";
		};
/* End PBXNativeTarget section */

/* Begin PBXProject section */
		E115D660210FFA57007514FE /* Project object */ = {
			isa = PBXProject;
			attributes = {
				LastUpgradeCheck = 0910;
				ORGANIZATIONNAME = ChinaRapidFinance;
				TargetAttributes = {
					E115D667210FFA57007514FE = {
						CreatedOnToolsVersion = 9.1;
						ProvisioningStyle = Automatic;
					};
				};
			};
			buildConfigurationList = E115D663210FFA57007514FE /* Build configuration list for PBXProject "ObjectiveCTools" */;
			compatibilityVersion = "Xcode 8.0";
			developmentRegion = en;
			hasScannedForEncodings = 0;
			knownRegions = (
				en,
				Base,
			);
			mainGroup = E115D65F210FFA57007514FE;
			productRefGroup = E115D669210FFA57007514FE /* Products */;
			projectDirPath = "";
			projectRoot = "";
			targets = (
				E115D667210FFA57007514FE /* ObjectiveCTools */,
			);
		};
/* End PBXProject section */

/* Begin PBXResourcesBuildPhase section */
		E115D666210FFA57007514FE /* Resources */ = {
			isa = PBXResourcesBuildPhase;
			buildActionMask = 2147483647;
			files = (
				E115D678210FFA57007514FE /* LaunchScreen.storyboard in Resources */,
				E115D675210FFA57007514FE /* Assets.xcassets in Resources */,
				E115D673210FFA57007514FE /* Main.storyboard in Resources */,
			);
			runOnlyForDeploymentPostprocessing = 0;
		};
/* End PBXResourcesBuildPhase section */

/* Begin PBXSourcesBuildPhase section */
		E115D664210FFA57007514FE /* Sources */ = {
			isa = PBXSourcesBuildPhase;
			buildActionMask = 2147483647;
			files = (
				E115D670210FFA57007514FE /* ViewController.m in Sources */,
				E115D67B210FFA58007514FE /* main.m in Sources */,
				E115D66D210FFA57007514FE /* AppDelegate.m in Sources */,
			);
			runOnlyForDeploymentPostprocessing = 0;
		};
/* End PBXSourcesBuildPhase section */

/* Begin PBXVariantGroup section */
		E115D671210FFA57007514FE /* Main.storyboard */ = {
			isa = PBXVariantGroup;
			children = (
				E115D672210FFA57007514FE /* Base */,
			);
			name = Main.storyboard;
			sourceTree = "<group>";
		};
		E115D676210FFA57007514FE /* LaunchScreen.storyboard */ = {
			isa = PBXVariantGroup;
			children = (
				E115D677210FFA57007514FE /* Base */,
			);
			name = LaunchScreen.storyboard;
			sourceTree = "<group>";
		};
/* End PBXVariantGroup section */

/* Begin XCBuildConfiguration section */
		E115D67C210FFA58007514FE /* Debug */ = {
			isa = XCBuildConfiguration;
			buildSettings = {
				ALWAYS_SEARCH_USER_PATHS = NO;
				CLANG_ANALYZER_NONNULL = YES;
				CLANG_ANALYZER_NUMBER_OBJECT_CONVERSION = YES_AGGRESSIVE;
				CLANG_CXX_LANGUAGE_STANDARD = "gnu++14";
				CLANG_CXX_LIBRARY = "libc++";
				CLANG_ENABLE_MODULES = YES;
				CLANG_ENABLE_OBJC_ARC = YES;
				CLANG_WARN_BLOCK_CAPTURE_AUTORELEASING = YES;
				CLANG_WARN_BOOL_CONVERSION = YES;
				CLANG_WARN_COMMA = YES;
				CLANG_WARN_CONSTANT_CONVERSION = YES;
				CLANG_WARN_DIRECT_OBJC_ISA_USAGE = YES_ERROR;
				CLANG_WARN_DOCUMENTATION_COMMENTS = YES;
				CLANG_WARN_EMPTY_BODY = YES;
				CLANG_WARN_ENUM_CONVERSION = YES;
				CLANG_WARN_INFINITE_RECURSION = YES;
				CLANG_WARN_INT_CONVERSION = YES;
				CLANG_WARN_NON_LITERAL_NULL_CONVERSION = YES;
				CLANG_WARN_OBJC_LITERAL_CONVERSION = YES;
				CLANG_WARN_OBJC_ROOT_CLASS = YES_ERROR;
				CLANG_WARN_RANGE_LOOP_ANALYSIS = YES;
				CLANG_WARN_STRICT_PROTOTYPES = YES;
				CLANG_WARN_SUSPICIOUS_MOVE = YES;
				CLANG_WARN_UNGUARDED_AVAILABILITY = YES_AGGRESSIVE;
				CLANG_WARN_UNREACHABLE_CODE = YES;
				CLANG_WARN__DUPLICATE_METHOD_MATCH = YES;
				CODE_SIGN_IDENTITY = "iPhone Developer";
				COPY_PHASE_STRIP = NO;
				DEBUG_INFORMATION_FORMAT = dwarf;
				ENABLE_STRICT_OBJC_MSGSEND = YES;
				ENABLE_TESTABILITY = YES;
				GCC_C_LANGUAGE_STANDARD = gnu11;
				GCC_DYNAMIC_NO_PIC = NO;
				GCC_NO_COMMON_BLOCKS = YES;
				GCC_OPTIMIZATION_LEVEL = 0;
				GCC_PREPROCESSOR_DEFINITIONS = (
					"DEBUG=1",
					"$(inherited)",
				);
				GCC_WARN_64_TO_32_BIT_CONVERSION = YES;
				GCC_WARN_ABOUT_RETURN_TYPE = YES_ERROR;
				GCC_WARN_UNDECLARED_SELECTOR = YES;
				GCC_WARN_UNINITIALIZED_AUTOS = YES_AGGRESSIVE;
				GCC_WARN_UNUSED_FUNCTION = YES;
				GCC_WARN_UNUSED_VARIABLE = YES;
				IPHONEOS_DEPLOYMENT_TARGET = 11.1;
				MTL_ENABLE_DEBUG_INFO = YES;
				ONLY_ACTIVE_ARCH = YES;
				SDKROOT = iphoneos;
			};
			name = Debug;
		};
		E115D67D210FFA58007514FE /* Release */ = {
			isa = XCBuildConfiguration;
			buildSettings = {
				ALWAYS_SEARCH_USER_PATHS = NO;
				CLANG_ANALYZER_NONNULL = YES;
				CLANG_ANALYZER_NUMBER_OBJECT_CONVERSION = YES_AGGRESSIVE;
				CLANG_CXX_LANGUAGE_STANDARD = "gnu++14";
				CLANG_CXX_LIBRARY = "libc++";
				CLANG_ENABLE_MODULES = YES;
				CLANG_ENABLE_OBJC_ARC = YES;
				CLANG_WARN_BLOCK_CAPTURE_AUTORELEASING = YES;
				CLANG_WARN_BOOL_CONVERSION = YES;
				CLANG_WARN_COMMA = YES;
				CLANG_WARN_CONSTANT_CONVERSION = YES;
				CLANG_WARN_DIRECT_OBJC_ISA_USAGE = YES_ERROR;
				CLANG_WARN_DOCUMENTATION_COMMENTS = YES;
				CLANG_WARN_EMPTY_BODY = YES;
				CLANG_WARN_ENUM_CONVERSION = YES;
				CLANG_WARN_INFINITE_RECURSION = YES;
				CLANG_WARN_INT_CONVERSION = YES;
				CLANG_WARN_NON_LITERAL_NULL_CONVERSION = YES;
				CLANG_WARN_OBJC_LITERAL_CONVERSION = YES;
				CLANG_WARN_OBJC_ROOT_CLASS = YES_ERROR;
				CLANG_WARN_RANGE_LOOP_ANALYSIS = YES;
				CLANG_WARN_STRICT_PROTOTYPES = YES;
				CLANG_WARN_SUSPICIOUS_MOVE = YES;
				CLANG_WARN_UNGUARDED_AVAILABILITY = YES_AGGRESSIVE;
				CLANG_WARN_UNREACHABLE_CODE = YES;
				CLANG_WARN__DUPLICATE_METHOD_MATCH = YES;
				CODE_SIGN_IDENTITY = "iPhone Developer";
				COPY_PHASE_STRIP = NO;
				DEBUG_INFORMATION_FORMAT = "dwarf-with-dsym";
				ENABLE_NS_ASSERTIONS = NO;
				ENABLE_STRICT_OBJC_MSGSEND = YES;
				GCC_C_LANGUAGE_STANDARD = gnu11;
				GCC_NO_COMMON_BLOCKS = YES;
				GCC_WARN_64_TO_32_BIT_CONVERSION = YES;
				GCC_WARN_ABOUT_RETURN_TYPE = YES_ERROR;
				GCC_WARN_UNDECLARED_SELECTOR = YES;
				GCC_WARN_UNINITIALIZED_AUTOS = YES_AGGRESSIVE;
				GCC_WARN_UNUSED_FUNCTION = YES;
				GCC_WARN_UNUSED_VARIABLE = YES;
				IPHONEOS_DEPLOYMENT_TARGET = 11.1;
				MTL_ENABLE_DEBUG_INFO = NO;
				SDKROOT = iphoneos;
				VALIDATE_PRODUCT = YES;
			};
			name = Release;
		};
		E115D67F210FFA58007514FE /* Debug */ = {
			isa = XCBuildConfiguration;
			buildSettings = {
				ASSETCATALOG_COMPILER_APPICON_NAME = AppIcon;
				CODE_SIGN_STYLE = Automatic;
				INFOPLIST_FILE = ObjectiveCTools/Info.plist;
				LD_RUNPATH_SEARCH_PATHS = "$(inherited) @executable_path/Frameworks";
				PRODUCT_BUNDLE_IDENTIFIER = com.oc.ObjectiveCTools;
				PRODUCT_NAME = "$(TARGET_NAME)";
				TARGETED_DEVICE_FAMILY = "1,2";
			};
			name = Debug;
		};
		E115D680210FFA58007514FE /* Release */ = {
			isa = XCBuildConfiguration;
			buildSettings = {
				ASSETCATALOG_COMPILER_APPICON_NAME = AppIcon;
				CODE_SIGN_STYLE = Automatic;
				INFOPLIST_FILE = ObjectiveCTools/Info.plist;
				LD_RUNPATH_SEARCH_PATHS = "$(inherited) @executable_path/Frameworks";
				PRODUCT_BUNDLE_IDENTIFIER = com.oc.ObjectiveCTools;
				PRODUCT_NAME = "$(TARGET_NAME)";
				TARGETED_DEVICE_FAMILY = "1,2";
			};
			name = Release;
		};
/* End XCBuildConfiguration section */

/* Begin XCConfigurationList section */
		E115D663210FFA57007514FE /* Build configuration list for PBXProject "ObjectiveCTools" */ = {
			isa = XCConfigurationList;
			buildConfigurations = (
				E115D67C210FFA58007514FE /* Debug */,
				E115D67D210FFA58007514FE /* Release */,
			);
			defaultConfigurationIsVisible = 0;
			defaultConfigurationName = Release;
		};
		E115D67E210FFA58007514FE /* Build configuration list for PBXNativeTarget "ObjectiveCTools" */ = {
			isa = XCConfigurationList;
			buildConfigurations = (
				E115D67F210FFA58007514FE /* Debug */,
				E115D680210FFA58007514FE /* Release */,
			);
			defaultConfigurationIsVisible = 0;
			defaultConfigurationName = Release;
		};
/* End XCConfigurationList section */
	};
	rootObject = E115D660210FFA57007514FE /* Project object */;
}
