// !$*UTF8*$!
{
	archiveVersion = 1;
	classes = {
	};
	objectVersion = 48;
	objects = {

/* Begin PBXBuildFile section */
		A44AE9D5231379BF006E2FEB /* NSDateComponents+YXDateComponentsCategory.m in Sources */ = {isa = PBXBuildFile; fileRef = A44AE9D4231379BF006E2FEB /* NSDateComponents+YXDateComponentsCategory.m */; };
		A44AE9D823137A07006E2FEB /* NSDate+YXDateCategory.m in Sources */ = {isa = PBXBuildFile; fileRef = A44AE9D723137A07006E2FEB /* NSDate+YXDateCategory.m */; };
		A44AE9DB23137A5C006E2FEB /* NSString+YXDateFormat.m in Sources */ = {isa = PBXBuildFile; fileRef = A44AE9DA23137A5C006E2FEB /* NSString+YXDateFormat.m */; };
		A44AE9DF23137AE3006E2FEB /* DateFormatViewController.m in Sources */ = {isa = PBXBuildFile; fileRef = A44AE9DE23137AE3006E2FEB /* DateFormatViewController.m */; };
		A45399AE22EEA84E00918A12 /* SlidingCircularViewController.m in Sources */ = {isa = PBXBuildFile; fileRef = A45399AC22EEA84E00918A12 /* SlidingCircularViewController.m */; };
		A45399AF22EEA84E00918A12 /* SlidingCircularViewController.xib in Resources */ = {isa = PBXBuildFile; fileRef = A45399AD22EEA84E00918A12 /* SlidingCircularViewController.xib */; };
		A45399B222EEA87C00918A12 /* YXGoalReviewView.m in Sources */ = {isa = PBXBuildFile; fileRef = A45399B122EEA87C00918A12 /* YXGoalReviewView.m */; };
		A45399BF22EEBA8B00918A12 /* LZGoalReviewViewOC.m in Sources */ = {isa = PBXBuildFile; fileRef = A45399BD22EEBA8B00918A12 /* LZGoalReviewViewOC.m */; };
		B07BFF07224B0F2B0094C2D8 /* LiveRecordViewController.m in Sources */ = {isa = PBXBuildFile; fileRef = B07BFF05224B0F2B0094C2D8 /* LiveRecordViewController.m */; };
		B07BFF08224B0F2B0094C2D8 /* LiveRecordViewController.xib in Resources */ = {isa = PBXBuildFile; fileRef = B07BFF06224B0F2B0094C2D8 /* LiveRecordViewController.xib */; };
		B0E9A78D2238EBA200787F85 /* YXReplayManager.m in Sources */ = {isa = PBXBuildFile; fileRef = B0E9A78B2238EBA200787F85 /* YXReplayManager.m */; };
		B0E9A7942238EBD000787F85 /* RecordingViewController.m in Sources */ = {isa = PBXBuildFile; fileRef = B0E9A7922238EBD000787F85 /* RecordingViewController.m */; };
		B0E9A7952238EBD000787F85 /* RecordingViewController.xib in Resources */ = {isa = PBXBuildFile; fileRef = B0E9A7932238EBD000787F85 /* RecordingViewController.xib */; };
		B0E9A79A2238F57700787F85 /* ScreenShotViewController.m in Sources */ = {isa = PBXBuildFile; fileRef = B0E9A7982238F57700787F85 /* ScreenShotViewController.m */; };
		B0E9A79B2238F57700787F85 /* ScreenShotViewController.xib in Resources */ = {isa = PBXBuildFile; fileRef = B0E9A7992238F57700787F85 /* ScreenShotViewController.xib */; };
		B0F8B293224CB06800A8A2AD /* YXFrameRecorder.m in Sources */ = {isa = PBXBuildFile; fileRef = B0F8B28B224CB06800A8A2AD /* YXFrameRecorder.m */; };
		B0F8B294224CB06800A8A2AD /* YXFilePath.m in Sources */ = {isa = PBXBuildFile; fileRef = B0F8B28C224CB06800A8A2AD /* YXFilePath.m */; };
		B0F8B295224CB06800A8A2AD /* YXRecorderManager.m in Sources */ = {isa = PBXBuildFile; fileRef = B0F8B28D224CB06800A8A2AD /* YXRecorderManager.m */; };
		B0F8B296224CB06800A8A2AD /* YXAudioRecorder.m in Sources */ = {isa = PBXBuildFile; fileRef = B0F8B292224CB06800A8A2AD /* YXAudioRecorder.m */; };
		D61BD631248A047E00BDAD0D /* MyTextView.m in Sources */ = {isa = PBXBuildFile; fileRef = D61BD630248A047E00BDAD0D /* MyTextView.m */; };
		D622B01024B2F57900CB3CF9 /* LetSVSCViewController.m in Sources */ = {isa = PBXBuildFile; fileRef = D622B00F24B2F57900CB3CF9 /* LetSVSCViewController.m */; };
		D622B01324B2F64600CB3CF9 /* LetCenter_A_ScrollView.m in Sources */ = {isa = PBXBuildFile; fileRef = D622B01224B2F64600CB3CF9 /* LetCenter_A_ScrollView.m */; };
		D622B01624B2F64F00CB3CF9 /* LetCenter_B_ScrollView.m in Sources */ = {isa = PBXBuildFile; fileRef = D622B01524B2F64F00CB3CF9 /* LetCenter_B_ScrollView.m */; };
		E115D66D210FFA57007514FE /* AppDelegate.m in Sources */ = {isa = PBXBuildFile; fileRef = E115D66C210FFA57007514FE /* AppDelegate.m */; };
		E115D670210FFA57007514FE /* ViewController.m in Sources */ = {isa = PBXBuildFile; fileRef = E115D66F210FFA57007514FE /* ViewController.m */; };
		E115D673210FFA57007514FE /* Main.storyboard in Resources */ = {isa = PBXBuildFile; fileRef = E115D671210FFA57007514FE /* Main.storyboard */; };
		E115D675210FFA57007514FE /* Assets.xcassets in Resources */ = {isa = PBXBuildFile; fileRef = E115D674210FFA57007514FE /* Assets.xcassets */; };
		E115D678210FFA57007514FE /* LaunchScreen.storyboard in Resources */ = {isa = PBXBuildFile; fileRef = E115D676210FFA57007514FE /* LaunchScreen.storyboard */; };
		E115D67B210FFA58007514FE /* main.m in Sources */ = {isa = PBXBuildFile; fileRef = E115D67A210FFA58007514FE /* main.m */; };
		E123BAF82133FC5F003AE0C9 /* TextFieldViewController.m in Sources */ = {isa = PBXBuildFile; fileRef = E123BAF62133FC5F003AE0C9 /* TextFieldViewController.m */; };
		E123BAF92133FC5F003AE0C9 /* TextFieldViewController.xib in Resources */ = {isa = PBXBuildFile; fileRef = E123BAF72133FC5F003AE0C9 /* TextFieldViewController.xib */; };
		E134E76521DC492E00CD2019 /* 忘了爱.jpg in Resources */ = {isa = PBXBuildFile; fileRef = E134E76421DC492E00CD2019 /* 忘了爱.jpg */; };
		E13A562D21F9B09B006447E3 /* LeftSwipDeleteViewController.m in Sources */ = {isa = PBXBuildFile; fileRef = E13A562C21F9B09B006447E3 /* LeftSwipDeleteViewController.m */; };
		E13A562F21F9B147006447E3 /* file_folder@2x.png in Resources */ = {isa = PBXBuildFile; fileRef = E13A562E21F9B147006447E3 /* file_folder@2x.png */; };
		E13A563121F9B150006447E3 /* file_zipped@2x.png in Resources */ = {isa = PBXBuildFile; fileRef = E13A563021F9B150006447E3 /* file_zipped@2x.png */; };
		E13F22E32187F52E00F9A965 /* FakeChooseViewController.m in Sources */ = {isa = PBXBuildFile; fileRef = E13F22E22187F52E00F9A965 /* FakeChooseViewController.m */; };
		E13F22EC2187F5A600F9A965 /* ItemView.m in Sources */ = {isa = PBXBuildFile; fileRef = E13F22E52187F5A600F9A965 /* ItemView.m */; };
		E13F22EF2187F5A600F9A965 /* ItemCollectionView.m in Sources */ = {isa = PBXBuildFile; fileRef = E13F22E82187F5A600F9A965 /* ItemCollectionView.m */; };
		E13F22F52187FA4D00F9A965 /* FakeChooseModel.m in Sources */ = {isa = PBXBuildFile; fileRef = E13F22F42187FA4D00F9A965 /* FakeChooseModel.m */; };
		E142FB4A21C9E05C00C8227C /* CustomThread.m in Sources */ = {isa = PBXBuildFile; fileRef = E142FB4921C9E05C00C8227C /* CustomThread.m */; };
		E142FB4E21CA523200C8227C /* OptionEnumeViewController.m in Sources */ = {isa = PBXBuildFile; fileRef = E142FB4D21CA523200C8227C /* OptionEnumeViewController.m */; };
		E1459A172122DDDF00293226 /* NSArray+HYBUnicodeReadable.m in Sources */ = {isa = PBXBuildFile; fileRef = E14599E72122DDDE00293226 /* NSArray+HYBUnicodeReadable.m */; };
		E1459A182122DDDF00293226 /* NSDictionary+HYBUnicodeReadable.m in Sources */ = {isa = PBXBuildFile; fileRef = E14599E82122DDDE00293226 /* NSDictionary+HYBUnicodeReadable.m */; };
		E1459A192122DDDF00293226 /* NSSet+HYBUnicodeReadable.m in Sources */ = {isa = PBXBuildFile; fileRef = E14599E92122DDDE00293226 /* NSSet+HYBUnicodeReadable.m */; };
		E1459A1A2122DDDF00293226 /* UIView+DotterLine.m in Sources */ = {isa = PBXBuildFile; fileRef = E14599F12122DDDE00293226 /* UIView+DotterLine.m */; };
		E1459A1B2122DDDF00293226 /* SkillDevice.m in Sources */ = {isa = PBXBuildFile; fileRef = E14599F42122DDDF00293226 /* SkillDevice.m */; };
		E1459A1C2122DDDF00293226 /* NetWorkTools.m in Sources */ = {isa = PBXBuildFile; fileRef = E14599F82122DDDF00293226 /* NetWorkTools.m */; };
		E1459A1D2122DDDF00293226 /* NSString+BankFinance.m in Sources */ = {isa = PBXBuildFile; fileRef = E14599FB2122DDDF00293226 /* NSString+BankFinance.m */; };
		E1459A1E2122DDDF00293226 /* UIColor+Easy.m in Sources */ = {isa = PBXBuildFile; fileRef = E14599FE2122DDDF00293226 /* UIColor+Easy.m */; };
		E1459A1F2122DDDF00293226 /* NSString+ChineseCharactersToSpelling.m in Sources */ = {isa = PBXBuildFile; fileRef = E1459A022122DDDF00293226 /* NSString+ChineseCharactersToSpelling.m */; };
		E1459A202122DDDF00293226 /* NSString+Name.m in Sources */ = {isa = PBXBuildFile; fileRef = E1459A032122DDDF00293226 /* NSString+Name.m */; };
		E1459A212122DDDF00293226 /* NSString+Email.m in Sources */ = {isa = PBXBuildFile; fileRef = E1459A062122DDDF00293226 /* NSString+Email.m */; };
		E1459A222122DDDF00293226 /* NSString+URL.m in Sources */ = {isa = PBXBuildFile; fileRef = E1459A092122DDDF00293226 /* NSString+URL.m */; };
		E1459A232122DDDF00293226 /* NSString+PhoneNumber.m in Sources */ = {isa = PBXBuildFile; fileRef = E1459A0C2122DDDF00293226 /* NSString+PhoneNumber.m */; };
		E1459A242122DDDF00293226 /* UIDevice+Resolutions.m in Sources */ = {isa = PBXBuildFile; fileRef = E1459A0F2122DDDF00293226 /* UIDevice+Resolutions.m */; };
		E1459A252122DDDF00293226 /* NSString+IDCardNumber.m in Sources */ = {isa = PBXBuildFile; fileRef = E1459A132122DDDF00293226 /* NSString+IDCardNumber.m */; };
		E1459A262122DDDF00293226 /* NSDictionary+Easy.m in Sources */ = {isa = PBXBuildFile; fileRef = E1459A162122DDDF00293226 /* NSDictionary+Easy.m */; };
		E1459A2B2122DF7300293226 /* GCDViewController.m in Sources */ = {isa = PBXBuildFile; fileRef = E1459A292122DF7300293226 /* GCDViewController.m */; };
		E1459A2C2122DF7300293226 /* GCDViewController.xib in Resources */ = {isa = PBXBuildFile; fileRef = E1459A2A2122DF7300293226 /* GCDViewController.xib */; };
		E148E82E2140F77500019E60 /* UILabelViewController.m in Sources */ = {isa = PBXBuildFile; fileRef = E148E82C2140F77500019E60 /* UILabelViewController.m */; };
		E148E82F2140F77500019E60 /* UILabelViewController.xib in Resources */ = {isa = PBXBuildFile; fileRef = E148E82D2140F77500019E60 /* UILabelViewController.xib */; };
		E150A7BA21C72FC000953640 /* NSthreadViewController.m in Sources */ = {isa = PBXBuildFile; fileRef = E150A7B921C72FC000953640 /* NSthreadViewController.m */; };
		E150A7BD21C73D7600953640 /* ThreadSafeViewController.m in Sources */ = {isa = PBXBuildFile; fileRef = E150A7BC21C73D7600953640 /* ThreadSafeViewController.m */; };
		E15F7AE3218AD8F60011A334 /* UIView+Yuency.m in Sources */ = {isa = PBXBuildFile; fileRef = E15F7AE1218AD8F50011A334 /* UIView+Yuency.m */; };
		E15F7AE8218AE9640011A334 /* ClearImageViewController.m in Sources */ = {isa = PBXBuildFile; fileRef = E15F7AE6218AE9640011A334 /* ClearImageViewController.m */; };
		E15F7AE9218AE9640011A334 /* ClearImageViewController.xib in Resources */ = {isa = PBXBuildFile; fileRef = E15F7AE7218AE9640011A334 /* ClearImageViewController.xib */; };
		E15FD01C21D4CB58003B1B15 /* BankCardListView.xib in Resources */ = {isa = PBXBuildFile; fileRef = E15FD01921D4CB58003B1B15 /* BankCardListView.xib */; };
		E15FD01D21D4CB58003B1B15 /* BankCardListView.m in Sources */ = {isa = PBXBuildFile; fileRef = E15FD01A21D4CB58003B1B15 /* BankCardListView.m */; };
		E15FD01F21D4CC1E003B1B15 /* NormalPopUpViewController.xib in Resources */ = {isa = PBXBuildFile; fileRef = E15FD01E21D4CC1E003B1B15 /* NormalPopUpViewController.xib */; };
		E163C3EF2193C5AB00B63EC5 /* lock_selected.png in Resources */ = {isa = PBXBuildFile; fileRef = E163C3ED2193C5AB00B63EC5 /* lock_selected.png */; };
		E163C3F02193C5AB00B63EC5 /* lock_normal.png in Resources */ = {isa = PBXBuildFile; fileRef = E163C3EE2193C5AB00B63EC5 /* lock_normal.png */; };
		E163C3F32193C5E400B63EC5 /* LockView.m in Sources */ = {isa = PBXBuildFile; fileRef = E163C3F22193C5E400B63EC5 /* LockView.m */; };
		E163C3F62193C65D00B63EC5 /* Lock9PointViewController.m in Sources */ = {isa = PBXBuildFile; fileRef = E163C3F52193C65D00B63EC5 /* Lock9PointViewController.m */; };
		E163C4012193CFEC00B63EC5 /* DrawingBoardViewController.m in Sources */ = {isa = PBXBuildFile; fileRef = E163C3F82193CFEB00B63EC5 /* DrawingBoardViewController.m */; };
		E163C4022193CFEC00B63EC5 /* HandleImageView.m in Sources */ = {isa = PBXBuildFile; fileRef = E163C3FA2193CFEC00B63EC5 /* HandleImageView.m */; };
		E163C4032193CFEC00B63EC5 /* DrawView.m in Sources */ = {isa = PBXBuildFile; fileRef = E163C3FC2193CFEC00B63EC5 /* DrawView.m */; };
		E163C4042193CFEC00B63EC5 /* DrawingBoardViewController.xib in Resources */ = {isa = PBXBuildFile; fileRef = E163C3FF2193CFEC00B63EC5 /* DrawingBoardViewController.xib */; };
		E163C4052193CFEC00B63EC5 /* MyBezierPath.m in Sources */ = {isa = PBXBuildFile; fileRef = E163C4002193CFEC00B63EC5 /* MyBezierPath.m */; };
		E1646AB621BA0FD900378083 /* SelectionCell.m in Sources */ = {isa = PBXBuildFile; fileRef = E1646AB421BA0FD900378083 /* SelectionCell.m */; };
		E1646ABC21BA10E200378083 /* SelectionTableViewController.m in Sources */ = {isa = PBXBuildFile; fileRef = E1646ABB21BA10E200378083 /* SelectionTableViewController.m */; };
		E1646ABE21BA194200378083 /* tooles.png in Resources */ = {isa = PBXBuildFile; fileRef = E1646ABD21BA194100378083 /* tooles.png */; };
		E1658F142139239100479FE3 /* TextViewViewController.m in Sources */ = {isa = PBXBuildFile; fileRef = E1658F122139239100479FE3 /* TextViewViewController.m */; };
		E1661DC02181921900E82979 /* ScaleScrollViewController.m in Sources */ = {isa = PBXBuildFile; fileRef = E1661DBE2181921900E82979 /* ScaleScrollViewController.m */; };
		E1661DC12181921900E82979 /* ScaleScrollViewController.xib in Resources */ = {isa = PBXBuildFile; fileRef = E1661DBF2181921900E82979 /* ScaleScrollViewController.xib */; };
		E1661DC42181A39200E82979 /* back.jpg in Resources */ = {isa = PBXBuildFile; fileRef = E1661DC32181A39100E82979 /* back.jpg */; };
		E1661DC82181B1E200E82979 /* UIImage+Image.m in Sources */ = {isa = PBXBuildFile; fileRef = E1661DC72181B1E200E82979 /* UIImage+Image.m */; };
		E1689AE821C8989B00F85232 /* Tools.m in Sources */ = {isa = PBXBuildFile; fileRef = E1689AE721C8989B00F85232 /* Tools.m */; };
		E1689AEC21C8C99400F85232 /* NSOperationViewController.m in Sources */ = {isa = PBXBuildFile; fileRef = E1689AEB21C8C99400F85232 /* NSOperationViewController.m */; };
		E1689AEF21C8CE4200F85232 /* CustomOperation.m in Sources */ = {isa = PBXBuildFile; fileRef = E1689AEE21C8CE4200F85232 /* CustomOperation.m */; };
		E1689AF121C8D0B500F85232 /* NSOperationViewController.xib in Resources */ = {isa = PBXBuildFile; fileRef = E1689AF021C8D0B500F85232 /* NSOperationViewController.xib */; };
		E17700082178337F0050C110 /* POPViewController.m in Sources */ = {isa = PBXBuildFile; fileRef = E17700062178337F0050C110 /* POPViewController.m */; };
		E17700092178337F0050C110 /* POPViewController.xib in Resources */ = {isa = PBXBuildFile; fileRef = E17700072178337F0050C110 /* POPViewController.xib */; };
		E1950D8E2153AD06007D7265 /* PhotoLosslessSaveViewController.m in Sources */ = {isa = PBXBuildFile; fileRef = E1950D8C2153AD06007D7265 /* PhotoLosslessSaveViewController.m */; };
		E1950D8F2153AD06007D7265 /* PhotoLosslessSaveViewController.xib in Resources */ = {isa = PBXBuildFile; fileRef = E1950D8D2153AD06007D7265 /* PhotoLosslessSaveViewController.xib */; };
		E199252321A6518600591074 /* NormalPopUpViewController.m in Sources */ = {isa = PBXBuildFile; fileRef = E199252221A6518600591074 /* NormalPopUpViewController.m */; };
		E199252721A651A000591074 /* MemoryView.xib in Resources */ = {isa = PBXBuildFile; fileRef = E199252421A651A000591074 /* MemoryView.xib */; };
		E199252821A651A000591074 /* MemoryView.m in Sources */ = {isa = PBXBuildFile; fileRef = E199252521A651A000591074 /* MemoryView.m */; };
		E19DB28D21B509C400FF0042 /* NSArray+Yuency.m in Sources */ = {isa = PBXBuildFile; fileRef = E19DB28C21B509C400FF0042 /* NSArray+Yuency.m */; };
		E19DB29021B50CB100FF0042 /* NSString+Yuency.m in Sources */ = {isa = PBXBuildFile; fileRef = E19DB28F21B50CB100FF0042 /* NSString+Yuency.m */; };
		E19DB29321B512A400FF0042 /* NSObject+Validate.m in Sources */ = {isa = PBXBuildFile; fileRef = E19DB29121B512A300FF0042 /* NSObject+Validate.m */; };
		E1AD94FA21E2E38B0082E77D /* HomePagePopView.m in Sources */ = {isa = PBXBuildFile; fileRef = E1AD94F821E2E38A0082E77D /* HomePagePopView.m */; };
		E1AD94FB21E2E38B0082E77D /* HomePagePopView.xib in Resources */ = {isa = PBXBuildFile; fileRef = E1AD94F921E2E38B0082E77D /* HomePagePopView.xib */; };
		E1B8573321B8B05E00882989 /* QQButton.m in Sources */ = {isa = PBXBuildFile; fileRef = E1B8573221B8B05E00882989 /* QQButton.m */; };
		E1B8573A21B8B4BA00882989 /* AnimationQQButtonViewController.m in Sources */ = {isa = PBXBuildFile; fileRef = E1B8573821B8B4BA00882989 /* AnimationQQButtonViewController.m */; };
		E1B8574321B8CC7E00882989 /* RebateTradingKeyBoardView.m in Sources */ = {isa = PBXBuildFile; fileRef = E1B8574021B8CC7D00882989 /* RebateTradingKeyBoardView.m */; };
		E1B8574421B8CC7E00882989 /* RebateTradingKeyBoardView.xib in Resources */ = {isa = PBXBuildFile; fileRef = E1B8574221B8CC7E00882989 /* RebateTradingKeyBoardView.xib */; };
/* End PBXBuildFile section */

/* Begin PBXFileReference section */
		A44AE9D22313797D006E2FEB /* YXDateFormat.h */ = {isa = PBXFileReference; lastKnownFileType = sourcecode.c.h; path = YXDateFormat.h; sourceTree = "<group>"; };
		A44AE9D3231379BF006E2FEB /* NSDateComponents+YXDateComponentsCategory.h */ = {isa = PBXFileReference; lastKnownFileType = sourcecode.c.h; path = "NSDateComponents+YXDateComponentsCategory.h"; sourceTree = "<group>"; };
		A44AE9D4231379BF006E2FEB /* NSDateComponents+YXDateComponentsCategory.m */ = {isa = PBXFileReference; lastKnownFileType = sourcecode.c.objc; path = "NSDateComponents+YXDateComponentsCategory.m"; sourceTree = "<group>"; };
		A44AE9D623137A07006E2FEB /* NSDate+YXDateCategory.h */ = {isa = PBXFileReference; lastKnownFileType = sourcecode.c.h; path = "NSDate+YXDateCategory.h"; sourceTree = "<group>"; };
		A44AE9D723137A07006E2FEB /* NSDate+YXDateCategory.m */ = {isa = PBXFileReference; lastKnownFileType = sourcecode.c.objc; path = "NSDate+YXDateCategory.m"; sourceTree = "<group>"; };
		A44AE9D923137A5C006E2FEB /* NSString+YXDateFormat.h */ = {isa = PBXFileReference; lastKnownFileType = sourcecode.c.h; path = "NSString+YXDateFormat.h"; sourceTree = "<group>"; };
		A44AE9DA23137A5C006E2FEB /* NSString+YXDateFormat.m */ = {isa = PBXFileReference; lastKnownFileType = sourcecode.c.objc; path = "NSString+YXDateFormat.m"; sourceTree = "<group>"; };
		A44AE9DD23137AE3006E2FEB /* DateFormatViewController.h */ = {isa = PBXFileReference; lastKnownFileType = sourcecode.c.h; path = DateFormatViewController.h; sourceTree = "<group>"; };
		A44AE9DE23137AE3006E2FEB /* DateFormatViewController.m */ = {isa = PBXFileReference; lastKnownFileType = sourcecode.c.objc; path = DateFormatViewController.m; sourceTree = "<group>"; };
		A45399AB22EEA84E00918A12 /* SlidingCircularViewController.h */ = {isa = PBXFileReference; lastKnownFileType = sourcecode.c.h; path = SlidingCircularViewController.h; sourceTree = "<group>"; };
		A45399AC22EEA84E00918A12 /* SlidingCircularViewController.m */ = {isa = PBXFileReference; lastKnownFileType = sourcecode.c.objc; path = SlidingCircularViewController.m; sourceTree = "<group>"; };
		A45399AD22EEA84E00918A12 /* SlidingCircularViewController.xib */ = {isa = PBXFileReference; lastKnownFileType = file.xib; path = SlidingCircularViewController.xib; sourceTree = "<group>"; };
		A45399B022EEA87C00918A12 /* YXGoalReviewView.h */ = {isa = PBXFileReference; lastKnownFileType = sourcecode.c.h; path = YXGoalReviewView.h; sourceTree = "<group>"; };
		A45399B122EEA87C00918A12 /* YXGoalReviewView.m */ = {isa = PBXFileReference; lastKnownFileType = sourcecode.c.objc; path = YXGoalReviewView.m; sourceTree = "<group>"; };
		A45399BD22EEBA8B00918A12 /* LZGoalReviewViewOC.m */ = {isa = PBXFileReference; fileEncoding = 4; lastKnownFileType = sourcecode.c.objc; path = LZGoalReviewViewOC.m; sourceTree = "<group>"; };
		A45399BE22EEBA8B00918A12 /* LZGoalReviewViewOC.h */ = {isa = PBXFileReference; fileEncoding = 4; lastKnownFileType = sourcecode.c.h; path = LZGoalReviewViewOC.h; sourceTree = "<group>"; };
		B07BFF04224B0F2B0094C2D8 /* LiveRecordViewController.h */ = {isa = PBXFileReference; lastKnownFileType = sourcecode.c.h; path = LiveRecordViewController.h; sourceTree = "<group>"; };
		B07BFF05224B0F2B0094C2D8 /* LiveRecordViewController.m */ = {isa = PBXFileReference; lastKnownFileType = sourcecode.c.objc; path = LiveRecordViewController.m; sourceTree = "<group>"; };
		B07BFF06224B0F2B0094C2D8 /* LiveRecordViewController.xib */ = {isa = PBXFileReference; lastKnownFileType = file.xib; path = LiveRecordViewController.xib; sourceTree = "<group>"; };
		B0E9A78B2238EBA200787F85 /* YXReplayManager.m */ = {isa = PBXFileReference; fileEncoding = 4; lastKnownFileType = sourcecode.c.objc; path = YXReplayManager.m; sourceTree = "<group>"; };
		B0E9A78C2238EBA200787F85 /* YXReplayManager.h */ = {isa = PBXFileReference; fileEncoding = 4; lastKnownFileType = sourcecode.c.h; path = YXReplayManager.h; sourceTree = "<group>"; };
		B0E9A7912238EBD000787F85 /* RecordingViewController.h */ = {isa = PBXFileReference; lastKnownFileType = sourcecode.c.h; path = RecordingViewController.h; sourceTree = "<group>"; };
		B0E9A7922238EBD000787F85 /* RecordingViewController.m */ = {isa = PBXFileReference; lastKnownFileType = sourcecode.c.objc; path = RecordingViewController.m; sourceTree = "<group>"; };
		B0E9A7932238EBD000787F85 /* RecordingViewController.xib */ = {isa = PBXFileReference; lastKnownFileType = file.xib; path = RecordingViewController.xib; sourceTree = "<group>"; };
		B0E9A7972238F57700787F85 /* ScreenShotViewController.h */ = {isa = PBXFileReference; lastKnownFileType = sourcecode.c.h; path = ScreenShotViewController.h; sourceTree = "<group>"; };
		B0E9A7982238F57700787F85 /* ScreenShotViewController.m */ = {isa = PBXFileReference; lastKnownFileType = sourcecode.c.objc; path = ScreenShotViewController.m; sourceTree = "<group>"; };
		B0E9A7992238F57700787F85 /* ScreenShotViewController.xib */ = {isa = PBXFileReference; lastKnownFileType = file.xib; path = ScreenShotViewController.xib; sourceTree = "<group>"; };
		B0F8B28B224CB06800A8A2AD /* YXFrameRecorder.m */ = {isa = PBXFileReference; fileEncoding = 4; lastKnownFileType = sourcecode.c.objc; path = YXFrameRecorder.m; sourceTree = "<group>"; };
		B0F8B28C224CB06800A8A2AD /* YXFilePath.m */ = {isa = PBXFileReference; fileEncoding = 4; lastKnownFileType = sourcecode.c.objc; path = YXFilePath.m; sourceTree = "<group>"; };
		B0F8B28D224CB06800A8A2AD /* YXRecorderManager.m */ = {isa = PBXFileReference; fileEncoding = 4; lastKnownFileType = sourcecode.c.objc; path = YXRecorderManager.m; sourceTree = "<group>"; };
		B0F8B28E224CB06800A8A2AD /* YXAudioRecorder.h */ = {isa = PBXFileReference; fileEncoding = 4; lastKnownFileType = sourcecode.c.h; path = YXAudioRecorder.h; sourceTree = "<group>"; };
		B0F8B28F224CB06800A8A2AD /* YXFrameRecorder.h */ = {isa = PBXFileReference; fileEncoding = 4; lastKnownFileType = sourcecode.c.h; path = YXFrameRecorder.h; sourceTree = "<group>"; };
		B0F8B290224CB06800A8A2AD /* YXFilePath.h */ = {isa = PBXFileReference; fileEncoding = 4; lastKnownFileType = sourcecode.c.h; path = YXFilePath.h; sourceTree = "<group>"; };
		B0F8B291224CB06800A8A2AD /* YXRecorderManager.h */ = {isa = PBXFileReference; fileEncoding = 4; lastKnownFileType = sourcecode.c.h; path = YXRecorderManager.h; sourceTree = "<group>"; };
		B0F8B292224CB06800A8A2AD /* YXAudioRecorder.m */ = {isa = PBXFileReference; fileEncoding = 4; lastKnownFileType = sourcecode.c.objc; path = YXAudioRecorder.m; sourceTree = "<group>"; };
		D61BD62F248A047E00BDAD0D /* MyTextView.h */ = {isa = PBXFileReference; fileEncoding = 4; lastKnownFileType = sourcecode.c.h; path = MyTextView.h; sourceTree = "<group>"; };
		D61BD630248A047E00BDAD0D /* MyTextView.m */ = {isa = PBXFileReference; fileEncoding = 4; lastKnownFileType = sourcecode.c.objc; path = MyTextView.m; sourceTree = "<group>"; };
		D622B00E24B2F57900CB3CF9 /* LetSVSCViewController.h */ = {isa = PBXFileReference; lastKnownFileType = sourcecode.c.h; path = LetSVSCViewController.h; sourceTree = "<group>"; };
		D622B00F24B2F57900CB3CF9 /* LetSVSCViewController.m */ = {isa = PBXFileReference; lastKnownFileType = sourcecode.c.objc; path = LetSVSCViewController.m; sourceTree = "<group>"; };
		D622B01124B2F64600CB3CF9 /* LetCenter_A_ScrollView.h */ = {isa = PBXFileReference; lastKnownFileType = sourcecode.c.h; path = LetCenter_A_ScrollView.h; sourceTree = "<group>"; };
		D622B01224B2F64600CB3CF9 /* LetCenter_A_ScrollView.m */ = {isa = PBXFileReference; lastKnownFileType = sourcecode.c.objc; path = LetCenter_A_ScrollView.m; sourceTree = "<group>"; };
		D622B01424B2F64F00CB3CF9 /* LetCenter_B_ScrollView.h */ = {isa = PBXFileReference; lastKnownFileType = sourcecode.c.h; path = LetCenter_B_ScrollView.h; sourceTree = "<group>"; };
		D622B01524B2F64F00CB3CF9 /* LetCenter_B_ScrollView.m */ = {isa = PBXFileReference; lastKnownFileType = sourcecode.c.objc; path = LetCenter_B_ScrollView.m; sourceTree = "<group>"; };
		E115D668210FFA57007514FE /* ObjectiveCTools.app */ = {isa = PBXFileReference; explicitFileType = wrapper.application; includeInIndex = 0; path = ObjectiveCTools.app; sourceTree = BUILT_PRODUCTS_DIR; };
		E115D66B210FFA57007514FE /* AppDelegate.h */ = {isa = PBXFileReference; lastKnownFileType = sourcecode.c.h; path = AppDelegate.h; sourceTree = "<group>"; };
		E115D66C210FFA57007514FE /* AppDelegate.m */ = {isa = PBXFileReference; lastKnownFileType = sourcecode.c.objc; path = AppDelegate.m; sourceTree = "<group>"; };
		E115D66E210FFA57007514FE /* ViewController.h */ = {isa = PBXFileReference; lastKnownFileType = sourcecode.c.h; path = ViewController.h; sourceTree = "<group>"; };
		E115D66F210FFA57007514FE /* ViewController.m */ = {isa = PBXFileReference; lastKnownFileType = sourcecode.c.objc; path = ViewController.m; sourceTree = "<group>"; };
		E115D672210FFA57007514FE /* Base */ = {isa = PBXFileReference; lastKnownFileType = file.storyboard; name = Base; path = Base.lproj/Main.storyboard; sourceTree = "<group>"; };
		E115D674210FFA57007514FE /* Assets.xcassets */ = {isa = PBXFileReference; lastKnownFileType = folder.assetcatalog; path = Assets.xcassets; sourceTree = "<group>"; };
		E115D677210FFA57007514FE /* Base */ = {isa = PBXFileReference; lastKnownFileType = file.storyboard; name = Base; path = Base.lproj/LaunchScreen.storyboard; sourceTree = "<group>"; };
		E115D679210FFA58007514FE /* Info.plist */ = {isa = PBXFileReference; lastKnownFileType = text.plist.xml; path = Info.plist; sourceTree = "<group>"; };
		E115D67A210FFA58007514FE /* main.m */ = {isa = PBXFileReference; lastKnownFileType = sourcecode.c.objc; path = main.m; sourceTree = "<group>"; };
		E123BAF52133FC5F003AE0C9 /* TextFieldViewController.h */ = {isa = PBXFileReference; lastKnownFileType = sourcecode.c.h; path = TextFieldViewController.h; sourceTree = "<group>"; };
		E123BAF62133FC5F003AE0C9 /* TextFieldViewController.m */ = {isa = PBXFileReference; lastKnownFileType = sourcecode.c.objc; path = TextFieldViewController.m; sourceTree = "<group>"; };
		E123BAF72133FC5F003AE0C9 /* TextFieldViewController.xib */ = {isa = PBXFileReference; lastKnownFileType = file.xib; path = TextFieldViewController.xib; sourceTree = "<group>"; };
		E134E76421DC492E00CD2019 /* 忘了爱.jpg */ = {isa = PBXFileReference; lastKnownFileType = image.jpeg; path = "忘了爱.jpg"; sourceTree = "<group>"; };
		E13A562B21F9B09B006447E3 /* LeftSwipDeleteViewController.h */ = {isa = PBXFileReference; lastKnownFileType = sourcecode.c.h; path = LeftSwipDeleteViewController.h; sourceTree = "<group>"; };
		E13A562C21F9B09B006447E3 /* LeftSwipDeleteViewController.m */ = {isa = PBXFileReference; lastKnownFileType = sourcecode.c.objc; path = LeftSwipDeleteViewController.m; sourceTree = "<group>"; };
		E13A562E21F9B147006447E3 /* file_folder@2x.png */ = {isa = PBXFileReference; lastKnownFileType = image.png; path = "file_folder@2x.png"; sourceTree = "<group>"; };
		E13A563021F9B150006447E3 /* file_zipped@2x.png */ = {isa = PBXFileReference; lastKnownFileType = image.png; path = "file_zipped@2x.png"; sourceTree = "<group>"; };
		E13F22E12187F52E00F9A965 /* FakeChooseViewController.h */ = {isa = PBXFileReference; lastKnownFileType = sourcecode.c.h; path = FakeChooseViewController.h; sourceTree = "<group>"; };
		E13F22E22187F52E00F9A965 /* FakeChooseViewController.m */ = {isa = PBXFileReference; lastKnownFileType = sourcecode.c.objc; path = FakeChooseViewController.m; sourceTree = "<group>"; };
		E13F22E52187F5A600F9A965 /* ItemView.m */ = {isa = PBXFileReference; fileEncoding = 4; lastKnownFileType = sourcecode.c.objc; path = ItemView.m; sourceTree = "<group>"; };
		E13F22E82187F5A600F9A965 /* ItemCollectionView.m */ = {isa = PBXFileReference; fileEncoding = 4; lastKnownFileType = sourcecode.c.objc; path = ItemCollectionView.m; sourceTree = "<group>"; };
		E13F22E92187F5A600F9A965 /* ItemCollectionView.h */ = {isa = PBXFileReference; fileEncoding = 4; lastKnownFileType = sourcecode.c.h; path = ItemCollectionView.h; sourceTree = "<group>"; };
		E13F22EB2187F5A600F9A965 /* ItemView.h */ = {isa = PBXFileReference; fileEncoding = 4; lastKnownFileType = sourcecode.c.h; path = ItemView.h; sourceTree = "<group>"; };
		E13F22F32187FA4D00F9A965 /* FakeChooseModel.h */ = {isa = PBXFileReference; lastKnownFileType = sourcecode.c.h; path = FakeChooseModel.h; sourceTree = "<group>"; };
		E13F22F42187FA4D00F9A965 /* FakeChooseModel.m */ = {isa = PBXFileReference; lastKnownFileType = sourcecode.c.objc; path = FakeChooseModel.m; sourceTree = "<group>"; };
		E142FB4821C9E05C00C8227C /* CustomThread.h */ = {isa = PBXFileReference; lastKnownFileType = sourcecode.c.h; path = CustomThread.h; sourceTree = "<group>"; };
		E142FB4921C9E05C00C8227C /* CustomThread.m */ = {isa = PBXFileReference; lastKnownFileType = sourcecode.c.objc; path = CustomThread.m; sourceTree = "<group>"; };
		E142FB4C21CA523200C8227C /* OptionEnumeViewController.h */ = {isa = PBXFileReference; lastKnownFileType = sourcecode.c.h; path = OptionEnumeViewController.h; sourceTree = "<group>"; };
		E142FB4D21CA523200C8227C /* OptionEnumeViewController.m */ = {isa = PBXFileReference; lastKnownFileType = sourcecode.c.objc; path = OptionEnumeViewController.m; sourceTree = "<group>"; };
		E14599E72122DDDE00293226 /* NSArray+HYBUnicodeReadable.m */ = {isa = PBXFileReference; fileEncoding = 4; lastKnownFileType = sourcecode.c.objc; path = "NSArray+HYBUnicodeReadable.m"; sourceTree = "<group>"; };
		E14599E82122DDDE00293226 /* NSDictionary+HYBUnicodeReadable.m */ = {isa = PBXFileReference; fileEncoding = 4; lastKnownFileType = sourcecode.c.objc; path = "NSDictionary+HYBUnicodeReadable.m"; sourceTree = "<group>"; };
		E14599E92122DDDE00293226 /* NSSet+HYBUnicodeReadable.m */ = {isa = PBXFileReference; fileEncoding = 4; lastKnownFileType = sourcecode.c.objc; path = "NSSet+HYBUnicodeReadable.m"; sourceTree = "<group>"; };
		E14599EA2122DDDE00293226 /* NSArray+HYBUnicodeReadable.h */ = {isa = PBXFileReference; fileEncoding = 4; lastKnownFileType = sourcecode.c.h; path = "NSArray+HYBUnicodeReadable.h"; sourceTree = "<group>"; };
		E14599EB2122DDDE00293226 /* NSDictionary+HYBUnicodeReadable.h */ = {isa = PBXFileReference; fileEncoding = 4; lastKnownFileType = sourcecode.c.h; path = "NSDictionary+HYBUnicodeReadable.h"; sourceTree = "<group>"; };
		E14599EC2122DDDE00293226 /* NSSet+HYBUnicodeReadable.h */ = {isa = PBXFileReference; fileEncoding = 4; lastKnownFileType = sourcecode.c.h; path = "NSSet+HYBUnicodeReadable.h"; sourceTree = "<group>"; };
		E14599F02122DDDE00293226 /* UIView+DotterLine.h */ = {isa = PBXFileReference; fileEncoding = 4; lastKnownFileType = sourcecode.c.h; path = "UIView+DotterLine.h"; sourceTree = "<group>"; };
		E14599F12122DDDE00293226 /* UIView+DotterLine.m */ = {isa = PBXFileReference; fileEncoding = 4; lastKnownFileType = sourcecode.c.objc; path = "UIView+DotterLine.m"; sourceTree = "<group>"; };
		E14599F32122DDDF00293226 /* SkillDevice.h */ = {isa = PBXFileReference; fileEncoding = 4; lastKnownFileType = sourcecode.c.h; path = SkillDevice.h; sourceTree = "<group>"; };
		E14599F42122DDDF00293226 /* SkillDevice.m */ = {isa = PBXFileReference; fileEncoding = 4; lastKnownFileType = sourcecode.c.objc; path = SkillDevice.m; sourceTree = "<group>"; };
		E14599F72122DDDF00293226 /* NetWorkTools.h */ = {isa = PBXFileReference; fileEncoding = 4; lastKnownFileType = sourcecode.c.h; path = NetWorkTools.h; sourceTree = "<group>"; };
		E14599F82122DDDF00293226 /* NetWorkTools.m */ = {isa = PBXFileReference; fileEncoding = 4; lastKnownFileType = sourcecode.c.objc; path = NetWorkTools.m; sourceTree = "<group>"; };
		E14599FA2122DDDF00293226 /* NSString+BankFinance.h */ = {isa = PBXFileReference; fileEncoding = 4; lastKnownFileType = sourcecode.c.h; path = "NSString+BankFinance.h"; sourceTree = "<group>"; };
		E14599FB2122DDDF00293226 /* NSString+BankFinance.m */ = {isa = PBXFileReference; fileEncoding = 4; lastKnownFileType = sourcecode.c.objc; path = "NSString+BankFinance.m"; sourceTree = "<group>"; };
		E14599FD2122DDDF00293226 /* UIColor+Easy.h */ = {isa = PBXFileReference; fileEncoding = 4; lastKnownFileType = sourcecode.c.h; path = "UIColor+Easy.h"; sourceTree = "<group>"; };
		E14599FE2122DDDF00293226 /* UIColor+Easy.m */ = {isa = PBXFileReference; fileEncoding = 4; lastKnownFileType = sourcecode.c.objc; path = "UIColor+Easy.m"; sourceTree = "<group>"; };
		E1459A002122DDDF00293226 /* NSString+ChineseCharactersToSpelling.h */ = {isa = PBXFileReference; fileEncoding = 4; lastKnownFileType = sourcecode.c.h; path = "NSString+ChineseCharactersToSpelling.h"; sourceTree = "<group>"; };
		E1459A012122DDDF00293226 /* NSString+Name.h */ = {isa = PBXFileReference; fileEncoding = 4; lastKnownFileType = sourcecode.c.h; path = "NSString+Name.h"; sourceTree = "<group>"; };
		E1459A022122DDDF00293226 /* NSString+ChineseCharactersToSpelling.m */ = {isa = PBXFileReference; fileEncoding = 4; lastKnownFileType = sourcecode.c.objc; path = "NSString+ChineseCharactersToSpelling.m"; sourceTree = "<group>"; };
		E1459A032122DDDF00293226 /* NSString+Name.m */ = {isa = PBXFileReference; fileEncoding = 4; lastKnownFileType = sourcecode.c.objc; path = "NSString+Name.m"; sourceTree = "<group>"; };
		E1459A052122DDDF00293226 /* NSString+Email.h */ = {isa = PBXFileReference; fileEncoding = 4; lastKnownFileType = sourcecode.c.h; path = "NSString+Email.h"; sourceTree = "<group>"; };
		E1459A062122DDDF00293226 /* NSString+Email.m */ = {isa = PBXFileReference; fileEncoding = 4; lastKnownFileType = sourcecode.c.objc; path = "NSString+Email.m"; sourceTree = "<group>"; };
		E1459A092122DDDF00293226 /* NSString+URL.m */ = {isa = PBXFileReference; fileEncoding = 4; lastKnownFileType = sourcecode.c.objc; path = "NSString+URL.m"; sourceTree = "<group>"; };
		E1459A0A2122DDDF00293226 /* NSString+URL.h */ = {isa = PBXFileReference; fileEncoding = 4; lastKnownFileType = sourcecode.c.h; path = "NSString+URL.h"; sourceTree = "<group>"; };
		E1459A0C2122DDDF00293226 /* NSString+PhoneNumber.m */ = {isa = PBXFileReference; fileEncoding = 4; lastKnownFileType = sourcecode.c.objc; path = "NSString+PhoneNumber.m"; sourceTree = "<group>"; };
		E1459A0D2122DDDF00293226 /* NSString+PhoneNumber.h */ = {isa = PBXFileReference; fileEncoding = 4; lastKnownFileType = sourcecode.c.h; path = "NSString+PhoneNumber.h"; sourceTree = "<group>"; };
		E1459A0F2122DDDF00293226 /* UIDevice+Resolutions.m */ = {isa = PBXFileReference; fileEncoding = 4; lastKnownFileType = sourcecode.c.objc; path = "UIDevice+Resolutions.m"; sourceTree = "<group>"; };
		E1459A102122DDDF00293226 /* UIDevice+Resolutions.h */ = {isa = PBXFileReference; fileEncoding = 4; lastKnownFileType = sourcecode.c.h; path = "UIDevice+Resolutions.h"; sourceTree = "<group>"; };
		E1459A122122DDDF00293226 /* NSString+IDCardNumber.h */ = {isa = PBXFileReference; fileEncoding = 4; lastKnownFileType = sourcecode.c.h; path = "NSString+IDCardNumber.h"; sourceTree = "<group>"; };
		E1459A132122DDDF00293226 /* NSString+IDCardNumber.m */ = {isa = PBXFileReference; fileEncoding = 4; lastKnownFileType = sourcecode.c.objc; path = "NSString+IDCardNumber.m"; sourceTree = "<group>"; };
		E1459A152122DDDF00293226 /* NSDictionary+Easy.h */ = {isa = PBXFileReference; fileEncoding = 4; lastKnownFileType = sourcecode.c.h; path = "NSDictionary+Easy.h"; sourceTree = "<group>"; };
		E1459A162122DDDF00293226 /* NSDictionary+Easy.m */ = {isa = PBXFileReference; fileEncoding = 4; lastKnownFileType = sourcecode.c.objc; path = "NSDictionary+Easy.m"; sourceTree = "<group>"; };
		E1459A282122DF7300293226 /* GCDViewController.h */ = {isa = PBXFileReference; lastKnownFileType = sourcecode.c.h; path = GCDViewController.h; sourceTree = "<group>"; };
		E1459A292122DF7300293226 /* GCDViewController.m */ = {isa = PBXFileReference; lastKnownFileType = sourcecode.c.objc; path = GCDViewController.m; sourceTree = "<group>"; };
		E1459A2A2122DF7300293226 /* GCDViewController.xib */ = {isa = PBXFileReference; lastKnownFileType = file.xib; path = GCDViewController.xib; sourceTree = "<group>"; };
		E148E82B2140F77500019E60 /* UILabelViewController.h */ = {isa = PBXFileReference; lastKnownFileType = sourcecode.c.h; path = UILabelViewController.h; sourceTree = "<group>"; };
		E148E82C2140F77500019E60 /* UILabelViewController.m */ = {isa = PBXFileReference; lastKnownFileType = sourcecode.c.objc; path = UILabelViewController.m; sourceTree = "<group>"; };
		E148E82D2140F77500019E60 /* UILabelViewController.xib */ = {isa = PBXFileReference; lastKnownFileType = file.xib; path = UILabelViewController.xib; sourceTree = "<group>"; };
		E150A7B821C72FC000953640 /* NSthreadViewController.h */ = {isa = PBXFileReference; lastKnownFileType = sourcecode.c.h; path = NSthreadViewController.h; sourceTree = "<group>"; };
		E150A7B921C72FC000953640 /* NSthreadViewController.m */ = {isa = PBXFileReference; lastKnownFileType = sourcecode.c.objc; path = NSthreadViewController.m; sourceTree = "<group>"; };
		E150A7BB21C73D7600953640 /* ThreadSafeViewController.h */ = {isa = PBXFileReference; lastKnownFileType = sourcecode.c.h; path = ThreadSafeViewController.h; sourceTree = "<group>"; };
		E150A7BC21C73D7600953640 /* ThreadSafeViewController.m */ = {isa = PBXFileReference; lastKnownFileType = sourcecode.c.objc; path = ThreadSafeViewController.m; sourceTree = "<group>"; };
		E15F7AE1218AD8F50011A334 /* UIView+Yuency.m */ = {isa = PBXFileReference; fileEncoding = 4; lastKnownFileType = sourcecode.c.objc; path = "UIView+Yuency.m"; sourceTree = "<group>"; };
		E15F7AE2218AD8F60011A334 /* UIView+Yuency.h */ = {isa = PBXFileReference; fileEncoding = 4; lastKnownFileType = sourcecode.c.h; path = "UIView+Yuency.h"; sourceTree = "<group>"; };
		E15F7AE5218AE9640011A334 /* ClearImageViewController.h */ = {isa = PBXFileReference; lastKnownFileType = sourcecode.c.h; path = ClearImageViewController.h; sourceTree = "<group>"; };
		E15F7AE6218AE9640011A334 /* ClearImageViewController.m */ = {isa = PBXFileReference; lastKnownFileType = sourcecode.c.objc; path = ClearImageViewController.m; sourceTree = "<group>"; };
		E15F7AE7218AE9640011A334 /* ClearImageViewController.xib */ = {isa = PBXFileReference; lastKnownFileType = file.xib; path = ClearImageViewController.xib; sourceTree = "<group>"; };
		E15FD01921D4CB58003B1B15 /* BankCardListView.xib */ = {isa = PBXFileReference; fileEncoding = 4; lastKnownFileType = file.xib; path = BankCardListView.xib; sourceTree = "<group>"; };
		E15FD01A21D4CB58003B1B15 /* BankCardListView.m */ = {isa = PBXFileReference; fileEncoding = 4; lastKnownFileType = sourcecode.c.objc; path = BankCardListView.m; sourceTree = "<group>"; };
		E15FD01B21D4CB58003B1B15 /* BankCardListView.h */ = {isa = PBXFileReference; fileEncoding = 4; lastKnownFileType = sourcecode.c.h; path = BankCardListView.h; sourceTree = "<group>"; };
		E15FD01E21D4CC1E003B1B15 /* NormalPopUpViewController.xib */ = {isa = PBXFileReference; lastKnownFileType = file.xib; path = NormalPopUpViewController.xib; sourceTree = "<group>"; };
		E163C3ED2193C5AB00B63EC5 /* lock_selected.png */ = {isa = PBXFileReference; lastKnownFileType = image.png; path = lock_selected.png; sourceTree = "<group>"; };
		E163C3EE2193C5AB00B63EC5 /* lock_normal.png */ = {isa = PBXFileReference; lastKnownFileType = image.png; path = lock_normal.png; sourceTree = "<group>"; };
		E163C3F12193C5E400B63EC5 /* LockView.h */ = {isa = PBXFileReference; lastKnownFileType = sourcecode.c.h; path = LockView.h; sourceTree = "<group>"; };
		E163C3F22193C5E400B63EC5 /* LockView.m */ = {isa = PBXFileReference; lastKnownFileType = sourcecode.c.objc; path = LockView.m; sourceTree = "<group>"; };
		E163C3F42193C65D00B63EC5 /* Lock9PointViewController.h */ = {isa = PBXFileReference; lastKnownFileType = sourcecode.c.h; path = Lock9PointViewController.h; sourceTree = "<group>"; };
		E163C3F52193C65D00B63EC5 /* Lock9PointViewController.m */ = {isa = PBXFileReference; lastKnownFileType = sourcecode.c.objc; path = Lock9PointViewController.m; sourceTree = "<group>"; };
		E163C3F82193CFEB00B63EC5 /* DrawingBoardViewController.m */ = {isa = PBXFileReference; fileEncoding = 4; lastKnownFileType = sourcecode.c.objc; path = DrawingBoardViewController.m; sourceTree = "<group>"; };
		E163C3F92193CFEC00B63EC5 /* DrawView.h */ = {isa = PBXFileReference; fileEncoding = 4; lastKnownFileType = sourcecode.c.h; path = DrawView.h; sourceTree = "<group>"; };
		E163C3FA2193CFEC00B63EC5 /* HandleImageView.m */ = {isa = PBXFileReference; fileEncoding = 4; lastKnownFileType = sourcecode.c.objc; path = HandleImageView.m; sourceTree = "<group>"; };
		E163C3FB2193CFEC00B63EC5 /* DrawingBoardViewController.h */ = {isa = PBXFileReference; fileEncoding = 4; lastKnownFileType = sourcecode.c.h; path = DrawingBoardViewController.h; sourceTree = "<group>"; };
		E163C3FC2193CFEC00B63EC5 /* DrawView.m */ = {isa = PBXFileReference; fileEncoding = 4; lastKnownFileType = sourcecode.c.objc; path = DrawView.m; sourceTree = "<group>"; };
		E163C3FD2193CFEC00B63EC5 /* MyBezierPath.h */ = {isa = PBXFileReference; fileEncoding = 4; lastKnownFileType = sourcecode.c.h; path = MyBezierPath.h; sourceTree = "<group>"; };
		E163C3FE2193CFEC00B63EC5 /* HandleImageView.h */ = {isa = PBXFileReference; fileEncoding = 4; lastKnownFileType = sourcecode.c.h; path = HandleImageView.h; sourceTree = "<group>"; };
		E163C3FF2193CFEC00B63EC5 /* DrawingBoardViewController.xib */ = {isa = PBXFileReference; fileEncoding = 4; lastKnownFileType = file.xib; path = DrawingBoardViewController.xib; sourceTree = "<group>"; };
		E163C4002193CFEC00B63EC5 /* MyBezierPath.m */ = {isa = PBXFileReference; fileEncoding = 4; lastKnownFileType = sourcecode.c.objc; path = MyBezierPath.m; sourceTree = "<group>"; };
		E1646AB421BA0FD900378083 /* SelectionCell.m */ = {isa = PBXFileReference; fileEncoding = 4; lastKnownFileType = sourcecode.c.objc; path = SelectionCell.m; sourceTree = "<group>"; };
		E1646AB521BA0FD900378083 /* SelectionCell.h */ = {isa = PBXFileReference; fileEncoding = 4; lastKnownFileType = sourcecode.c.h; path = SelectionCell.h; sourceTree = "<group>"; };
		E1646ABA21BA10E200378083 /* SelectionTableViewController.h */ = {isa = PBXFileReference; lastKnownFileType = sourcecode.c.h; path = SelectionTableViewController.h; sourceTree = "<group>"; };
		E1646ABB21BA10E200378083 /* SelectionTableViewController.m */ = {isa = PBXFileReference; lastKnownFileType = sourcecode.c.objc; path = SelectionTableViewController.m; sourceTree = "<group>"; };
		E1646ABD21BA194100378083 /* tooles.png */ = {isa = PBXFileReference; lastKnownFileType = image.png; path = tooles.png; sourceTree = "<group>"; };
		E1658F112139239100479FE3 /* TextViewViewController.h */ = {isa = PBXFileReference; lastKnownFileType = sourcecode.c.h; path = TextViewViewController.h; sourceTree = "<group>"; };
		E1658F122139239100479FE3 /* TextViewViewController.m */ = {isa = PBXFileReference; lastKnownFileType = sourcecode.c.objc; path = TextViewViewController.m; sourceTree = "<group>"; };
		E1661DBD2181921900E82979 /* ScaleScrollViewController.h */ = {isa = PBXFileReference; lastKnownFileType = sourcecode.c.h; path = ScaleScrollViewController.h; sourceTree = "<group>"; };
		E1661DBE2181921900E82979 /* ScaleScrollViewController.m */ = {isa = PBXFileReference; lastKnownFileType = sourcecode.c.objc; path = ScaleScrollViewController.m; sourceTree = "<group>"; };
		E1661DBF2181921900E82979 /* ScaleScrollViewController.xib */ = {isa = PBXFileReference; lastKnownFileType = file.xib; path = ScaleScrollViewController.xib; sourceTree = "<group>"; };
		E1661DC32181A39100E82979 /* back.jpg */ = {isa = PBXFileReference; lastKnownFileType = image.jpeg; path = back.jpg; sourceTree = "<group>"; };
		E1661DC62181B1E200E82979 /* UIImage+Image.h */ = {isa = PBXFileReference; lastKnownFileType = sourcecode.c.h; path = "UIImage+Image.h"; sourceTree = "<group>"; };
		E1661DC72181B1E200E82979 /* UIImage+Image.m */ = {isa = PBXFileReference; lastKnownFileType = sourcecode.c.objc; path = "UIImage+Image.m"; sourceTree = "<group>"; };
		E1689AE621C8989B00F85232 /* Tools.h */ = {isa = PBXFileReference; lastKnownFileType = sourcecode.c.h; path = Tools.h; sourceTree = "<group>"; };
		E1689AE721C8989B00F85232 /* Tools.m */ = {isa = PBXFileReference; lastKnownFileType = sourcecode.c.objc; path = Tools.m; sourceTree = "<group>"; };
		E1689AE921C898BE00F85232 /* SingleInstance.h */ = {isa = PBXFileReference; lastKnownFileType = sourcecode.c.h; path = SingleInstance.h; sourceTree = "<group>"; };
		E1689AEA21C8C99400F85232 /* NSOperationViewController.h */ = {isa = PBXFileReference; lastKnownFileType = sourcecode.c.h; path = NSOperationViewController.h; sourceTree = "<group>"; };
		E1689AEB21C8C99400F85232 /* NSOperationViewController.m */ = {isa = PBXFileReference; lastKnownFileType = sourcecode.c.objc; path = NSOperationViewController.m; sourceTree = "<group>"; };
		E1689AED21C8CE4200F85232 /* CustomOperation.h */ = {isa = PBXFileReference; lastKnownFileType = sourcecode.c.h; path = CustomOperation.h; sourceTree = "<group>"; };
		E1689AEE21C8CE4200F85232 /* CustomOperation.m */ = {isa = PBXFileReference; lastKnownFileType = sourcecode.c.objc; path = CustomOperation.m; sourceTree = "<group>"; };
		E1689AF021C8D0B500F85232 /* NSOperationViewController.xib */ = {isa = PBXFileReference; lastKnownFileType = file.xib; path = NSOperationViewController.xib; sourceTree = "<group>"; };
		E17700052178337F0050C110 /* POPViewController.h */ = {isa = PBXFileReference; lastKnownFileType = sourcecode.c.h; path = POPViewController.h; sourceTree = "<group>"; };
		E17700062178337F0050C110 /* POPViewController.m */ = {isa = PBXFileReference; lastKnownFileType = sourcecode.c.objc; path = POPViewController.m; sourceTree = "<group>"; };
		E17700072178337F0050C110 /* POPViewController.xib */ = {isa = PBXFileReference; lastKnownFileType = file.xib; path = POPViewController.xib; sourceTree = "<group>"; };
		E1950D8B2153AD06007D7265 /* PhotoLosslessSaveViewController.h */ = {isa = PBXFileReference; lastKnownFileType = sourcecode.c.h; path = PhotoLosslessSaveViewController.h; sourceTree = "<group>"; };
		E1950D8C2153AD06007D7265 /* PhotoLosslessSaveViewController.m */ = {isa = PBXFileReference; lastKnownFileType = sourcecode.c.objc; path = PhotoLosslessSaveViewController.m; sourceTree = "<group>"; };
		E1950D8D2153AD06007D7265 /* PhotoLosslessSaveViewController.xib */ = {isa = PBXFileReference; lastKnownFileType = file.xib; path = PhotoLosslessSaveViewController.xib; sourceTree = "<group>"; };
		E199252121A6518600591074 /* NormalPopUpViewController.h */ = {isa = PBXFileReference; lastKnownFileType = sourcecode.c.h; path = NormalPopUpViewController.h; sourceTree = "<group>"; };
		E199252221A6518600591074 /* NormalPopUpViewController.m */ = {isa = PBXFileReference; lastKnownFileType = sourcecode.c.objc; path = NormalPopUpViewController.m; sourceTree = "<group>"; };
		E199252421A651A000591074 /* MemoryView.xib */ = {isa = PBXFileReference; fileEncoding = 4; lastKnownFileType = file.xib; path = MemoryView.xib; sourceTree = "<group>"; };
		E199252521A651A000591074 /* MemoryView.m */ = {isa = PBXFileReference; fileEncoding = 4; lastKnownFileType = sourcecode.c.objc; path = MemoryView.m; sourceTree = "<group>"; };
		E199252621A651A000591074 /* MemoryView.h */ = {isa = PBXFileReference; fileEncoding = 4; lastKnownFileType = sourcecode.c.h; path = MemoryView.h; sourceTree = "<group>"; };
		E19DB28B21B509C400FF0042 /* NSArray+Yuency.h */ = {isa = PBXFileReference; lastKnownFileType = sourcecode.c.h; path = "NSArray+Yuency.h"; sourceTree = "<group>"; };
		E19DB28C21B509C400FF0042 /* NSArray+Yuency.m */ = {isa = PBXFileReference; lastKnownFileType = sourcecode.c.objc; path = "NSArray+Yuency.m"; sourceTree = "<group>"; };
		E19DB28E21B50CB100FF0042 /* NSString+Yuency.h */ = {isa = PBXFileReference; lastKnownFileType = sourcecode.c.h; path = "NSString+Yuency.h"; sourceTree = "<group>"; };
		E19DB28F21B50CB100FF0042 /* NSString+Yuency.m */ = {isa = PBXFileReference; lastKnownFileType = sourcecode.c.objc; path = "NSString+Yuency.m"; sourceTree = "<group>"; };
		E19DB29121B512A300FF0042 /* NSObject+Validate.m */ = {isa = PBXFileReference; fileEncoding = 4; lastKnownFileType = sourcecode.c.objc; path = "NSObject+Validate.m"; sourceTree = "<group>"; };
		E19DB29221B512A400FF0042 /* NSObject+Validate.h */ = {isa = PBXFileReference; fileEncoding = 4; lastKnownFileType = sourcecode.c.h; path = "NSObject+Validate.h"; sourceTree = "<group>"; };
		E1AD94F721E2E38A0082E77D /* HomePagePopView.h */ = {isa = PBXFileReference; fileEncoding = 4; lastKnownFileType = sourcecode.c.h; path = HomePagePopView.h; sourceTree = "<group>"; };
		E1AD94F821E2E38A0082E77D /* HomePagePopView.m */ = {isa = PBXFileReference; fileEncoding = 4; lastKnownFileType = sourcecode.c.objc; path = HomePagePopView.m; sourceTree = "<group>"; };
		E1AD94F921E2E38B0082E77D /* HomePagePopView.xib */ = {isa = PBXFileReference; fileEncoding = 4; lastKnownFileType = file.xib; path = HomePagePopView.xib; sourceTree = "<group>"; };
		E1B8573121B8B05E00882989 /* QQButton.h */ = {isa = PBXFileReference; lastKnownFileType = sourcecode.c.h; path = QQButton.h; sourceTree = "<group>"; };
		E1B8573221B8B05E00882989 /* QQButton.m */ = {isa = PBXFileReference; lastKnownFileType = sourcecode.c.objc; path = QQButton.m; sourceTree = "<group>"; };
		E1B8573721B8B4BA00882989 /* AnimationQQButtonViewController.h */ = {isa = PBXFileReference; lastKnownFileType = sourcecode.c.h; path = AnimationQQButtonViewController.h; sourceTree = "<group>"; };
		E1B8573821B8B4BA00882989 /* AnimationQQButtonViewController.m */ = {isa = PBXFileReference; lastKnownFileType = sourcecode.c.objc; path = AnimationQQButtonViewController.m; sourceTree = "<group>"; };
		E1B8574021B8CC7D00882989 /* RebateTradingKeyBoardView.m */ = {isa = PBXFileReference; fileEncoding = 4; lastKnownFileType = sourcecode.c.objc; path = RebateTradingKeyBoardView.m; sourceTree = "<group>"; };
		E1B8574121B8CC7D00882989 /* RebateTradingKeyBoardView.h */ = {isa = PBXFileReference; fileEncoding = 4; lastKnownFileType = sourcecode.c.h; path = RebateTradingKeyBoardView.h; sourceTree = "<group>"; };
		E1B8574221B8CC7E00882989 /* RebateTradingKeyBoardView.xib */ = {isa = PBXFileReference; fileEncoding = 4; lastKnownFileType = file.xib; path = RebateTradingKeyBoardView.xib; sourceTree = "<group>"; };
/* End PBXFileReference section */

/* Begin PBXFrameworksBuildPhase section */
		E115D665210FFA57007514FE /* Frameworks */ = {
			isa = PBXFrameworksBuildPhase;
			buildActionMask = 2147483647;
			files = (
			);
			runOnlyForDeploymentPostprocessing = 0;
		};
/* End PBXFrameworksBuildPhase section */

/* Begin PBXGroup section */
		A44AE9D123137954006E2FEB /* 时间日期格式化 */ = {
			isa = PBXGroup;
			children = (
				A44AE9D22313797D006E2FEB /* YXDateFormat.h */,
				A44AE9D923137A5C006E2FEB /* NSString+YXDateFormat.h */,
				A44AE9DA23137A5C006E2FEB /* NSString+YXDateFormat.m */,
				A44AE9D623137A07006E2FEB /* NSDate+YXDateCategory.h */,
				A44AE9D723137A07006E2FEB /* NSDate+YXDateCategory.m */,
				A44AE9D3231379BF006E2FEB /* NSDateComponents+YXDateComponentsCategory.h */,
				A44AE9D4231379BF006E2FEB /* NSDateComponents+YXDateComponentsCategory.m */,
			);
			path = "时间日期格式化";
			sourceTree = "<group>";
		};
		A44AE9DC23137ACA006E2FEB /* 时间日期格式化示例 */ = {
			isa = PBXGroup;
			children = (
				A44AE9DD23137AE3006E2FEB /* DateFormatViewController.h */,
				A44AE9DE23137AE3006E2FEB /* DateFormatViewController.m */,
			);
			path = "时间日期格式化示例";
			sourceTree = "<group>";
		};
		A45399AA22EEA82300918A12 /* 自定义一个圆圈评分控件 */ = {
			isa = PBXGroup;
			children = (
				A45399AB22EEA84E00918A12 /* SlidingCircularViewController.h */,
				A45399AC22EEA84E00918A12 /* SlidingCircularViewController.m */,
				A45399AD22EEA84E00918A12 /* SlidingCircularViewController.xib */,
				A45399B022EEA87C00918A12 /* YXGoalReviewView.h */,
				A45399B122EEA87C00918A12 /* YXGoalReviewView.m */,
				A45399BE22EEBA8B00918A12 /* LZGoalReviewViewOC.h */,
				A45399BD22EEBA8B00918A12 /* LZGoalReviewViewOC.m */,
			);
			path = "自定义一个圆圈评分控件";
			sourceTree = "<group>";
		};
		B07BFF03224B0F080094C2D8 /* 直播录屏 */ = {
			isa = PBXGroup;
			children = (
				B07BFF04224B0F2B0094C2D8 /* LiveRecordViewController.h */,
				B07BFF05224B0F2B0094C2D8 /* LiveRecordViewController.m */,
				B07BFF06224B0F2B0094C2D8 /* LiveRecordViewController.xib */,
				B0F8B28A224CB06800A8A2AD /* YXRecorder */,
			);
			path = "直播录屏";
			sourceTree = "<group>";
		};
		B0E9A78A2238EB9A00787F85 /* 屏幕录制 */ = {
			isa = PBXGroup;
			children = (
				B0E9A7912238EBD000787F85 /* RecordingViewController.h */,
				B0E9A7922238EBD000787F85 /* RecordingViewController.m */,
				B0E9A7932238EBD000787F85 /* RecordingViewController.xib */,
				B0E9A78C2238EBA200787F85 /* YXReplayManager.h */,
				B0E9A78B2238EBA200787F85 /* YXReplayManager.m */,
			);
			path = "屏幕录制";
			sourceTree = "<group>";
		};
		B0E9A7962238F52C00787F85 /* 截屏 */ = {
			isa = PBXGroup;
			children = (
				B0E9A7972238F57700787F85 /* ScreenShotViewController.h */,
				B0E9A7982238F57700787F85 /* ScreenShotViewController.m */,
				B0E9A7992238F57700787F85 /* ScreenShotViewController.xib */,
			);
			path = "截屏";
			sourceTree = "<group>";
		};
		B0F8B28A224CB06800A8A2AD /* YXRecorder */ = {
			isa = PBXGroup;
			children = (
				B0F8B291224CB06800A8A2AD /* YXRecorderManager.h */,
				B0F8B28D224CB06800A8A2AD /* YXRecorderManager.m */,
				B0F8B28F224CB06800A8A2AD /* YXFrameRecorder.h */,
				B0F8B28B224CB06800A8A2AD /* YXFrameRecorder.m */,
				B0F8B28E224CB06800A8A2AD /* YXAudioRecorder.h */,
				B0F8B292224CB06800A8A2AD /* YXAudioRecorder.m */,
				B0F8B290224CB06800A8A2AD /* YXFilePath.h */,
				B0F8B28C224CB06800A8A2AD /* YXFilePath.m */,
			);
			path = YXRecorder;
			sourceTree = "<group>";
		};
		D622B00D24B2F51B00CB3CF9 /* UIScrollView让子控件居中 */ = {
			isa = PBXGroup;
			children = (
				D622B00E24B2F57900CB3CF9 /* LetSVSCViewController.h */,
				D622B00F24B2F57900CB3CF9 /* LetSVSCViewController.m */,
				D622B01124B2F64600CB3CF9 /* LetCenter_A_ScrollView.h */,
				D622B01224B2F64600CB3CF9 /* LetCenter_A_ScrollView.m */,
				D622B01424B2F64F00CB3CF9 /* LetCenter_B_ScrollView.h */,
				D622B01524B2F64F00CB3CF9 /* LetCenter_B_ScrollView.m */,
			);
			path = "UIScrollView让子控件居中";
			sourceTree = "<group>";
		};
		E115D65F210FFA57007514FE = {
			isa = PBXGroup;
			children = (
				E115D66A210FFA57007514FE /* ObjectiveCTools */,
				E115D669210FFA57007514FE /* Products */,
			);
			sourceTree = "<group>";
		};
		E115D669210FFA57007514FE /* Products */ = {
			isa = PBXGroup;
			children = (
				E115D668210FFA57007514FE /* ObjectiveCTools.app */,
			);
			name = Products;
			sourceTree = "<group>";
		};
		E115D66A210FFA57007514FE /* ObjectiveCTools */ = {
			isa = PBXGroup;
			children = (
				E115D66B210FFA57007514FE /* AppDelegate.h */,
				E115D66C210FFA57007514FE /* AppDelegate.m */,
				E115D66E210FFA57007514FE /* ViewController.h */,
				E115D66F210FFA57007514FE /* ViewController.m */,
				E115D671210FFA57007514FE /* Main.storyboard */,
				E115D674210FFA57007514FE /* Assets.xcassets */,
				E115D676210FFA57007514FE /* LaunchScreen.storyboard */,
				E115D679210FFA58007514FE /* Info.plist */,
				E115D67A210FFA58007514FE /* main.m */,
				E1B8572F21B8AF2900882989 /* 动画 */,
				E123BAF42133FC45003AE0C9 /* UI控件 */,
				E1459A272122DF5200293226 /* 多线程 */,
				E14599F52122DDDF00293226 /* 工具包 */,
				E14599ED2122DDDE00293226 /* 临时文件夹 */,
				E14599F22122DDDF00293226 /* 奇技淫巧 */,
				E14599E52122DDDE00293226 /* 三方引用 */,
				E14599EE2122DDDE00293226 /* 特殊控件 */,
				E1661DC22181A38D00E82979 /* Image */,
			);
			path = ObjectiveCTools;
			sourceTree = "<group>";
		};
		E123BAF42133FC45003AE0C9 /* UI控件 */ = {
			isa = PBXGroup;
			children = (
				D622B00D24B2F51B00CB3CF9 /* UIScrollView让子控件居中 */,
				A44AE9DC23137ACA006E2FEB /* 时间日期格式化示例 */,
				A45399AA22EEA82300918A12 /* 自定义一个圆圈评分控件 */,
				B07BFF03224B0F080094C2D8 /* 直播录屏 */,
				B0E9A7962238F52C00787F85 /* 截屏 */,
				B0E9A78A2238EB9A00787F85 /* 屏幕录制 */,
				E13A562A21F9B055006447E3 /* 微信Cell左滑确认删除 */,
				E17243B421CB71E2007FBECA /* 线程保活 */,
				E142FB4B21CA521F00C8227C /* 位移枚举 */,
				E1689AE521C8987F00F85232 /* 单例的写法 */,
				E1646AB321BA0FC900378083 /* UITableViewCell选中样式和默认选中 */,
				E13F22E42187F57500F9A965 /* 仿造某宝商品选择 */,
				E199252021A6514900591074 /* 制作一个弹出框 */,
				E13F22F7218832E900F9A965 /* UIPOPView弹出框 */,
				E163C3F72193CFBD00B63EC5 /* 涂鸦 */,
				E163C3EC2193C58B00B63EC5 /* 9宫格解锁 */,
				E15F7AE4218AE9480011A334 /* 图片擦除 刮奖效果 */,
				E13F22F6218832D000F9A965 /* UITableView表头缩放 */,
				E13F22F82188330300F9A965 /* 文本框监听文字输入 */,
				E13F22F92188332100F9A965 /* 文本带连接点击事件 */,
				E13F22FA2188334400F9A965 /* iOS10根据系统设置改变文字大小 */,
			);
			path = "UI控件";
			sourceTree = "<group>";
		};
		E13A562A21F9B055006447E3 /* 微信Cell左滑确认删除 */ = {
			isa = PBXGroup;
			children = (
				E13A562B21F9B09B006447E3 /* LeftSwipDeleteViewController.h */,
				E13A562C21F9B09B006447E3 /* LeftSwipDeleteViewController.m */,
			);
			path = "微信Cell左滑确认删除";
			sourceTree = "<group>";
		};
		E13F22E42187F57500F9A965 /* 仿造某宝商品选择 */ = {
			isa = PBXGroup;
			children = (
				E13F22E12187F52E00F9A965 /* FakeChooseViewController.h */,
				E13F22E22187F52E00F9A965 /* FakeChooseViewController.m */,
				E13F22F32187FA4D00F9A965 /* FakeChooseModel.h */,
				E13F22F42187FA4D00F9A965 /* FakeChooseModel.m */,
				E13F22E92187F5A600F9A965 /* ItemCollectionView.h */,
				E13F22E82187F5A600F9A965 /* ItemCollectionView.m */,
				E13F22EB2187F5A600F9A965 /* ItemView.h */,
				E13F22E52187F5A600F9A965 /* ItemView.m */,
			);
			path = "仿造某宝商品选择";
			sourceTree = "<group>";
		};
		E13F22F6218832D000F9A965 /* UITableView表头缩放 */ = {
			isa = PBXGroup;
			children = (
				E1661DBD2181921900E82979 /* ScaleScrollViewController.h */,
				E1661DBE2181921900E82979 /* ScaleScrollViewController.m */,
				E1661DBF2181921900E82979 /* ScaleScrollViewController.xib */,
			);
			path = "UITableView表头缩放";
			sourceTree = "<group>";
		};
		E13F22F7218832E900F9A965 /* UIPOPView弹出框 */ = {
			isa = PBXGroup;
			children = (
				E17700052178337F0050C110 /* POPViewController.h */,
				E17700062178337F0050C110 /* POPViewController.m */,
				E17700072178337F0050C110 /* POPViewController.xib */,
			);
			path = "UIPOPView弹出框";
			sourceTree = "<group>";
		};
		E13F22F82188330300F9A965 /* 文本框监听文字输入 */ = {
			isa = PBXGroup;
			children = (
				E123BAF52133FC5F003AE0C9 /* TextFieldViewController.h */,
				E123BAF62133FC5F003AE0C9 /* TextFieldViewController.m */,
				E123BAF72133FC5F003AE0C9 /* TextFieldViewController.xib */,
			);
			path = "文本框监听文字输入";
			sourceTree = "<group>";
		};
		E13F22F92188332100F9A965 /* 文本带连接点击事件 */ = {
			isa = PBXGroup;
			children = (
				E1658F112139239100479FE3 /* TextViewViewController.h */,
				E1658F122139239100479FE3 /* TextViewViewController.m */,
				D61BD62F248A047E00BDAD0D /* MyTextView.h */,
				D61BD630248A047E00BDAD0D /* MyTextView.m */,
			);
			path = "文本带连接点击事件";
			sourceTree = "<group>";
		};
		E13F22FA2188334400F9A965 /* iOS10根据系统设置改变文字大小 */ = {
			isa = PBXGroup;
			children = (
				E148E82B2140F77500019E60 /* UILabelViewController.h */,
				E148E82C2140F77500019E60 /* UILabelViewController.m */,
				E148E82D2140F77500019E60 /* UILabelViewController.xib */,
			);
			path = "iOS10根据系统设置改变文字大小";
			sourceTree = "<group>";
		};
		E142FB4B21CA521F00C8227C /* 位移枚举 */ = {
			isa = PBXGroup;
			children = (
				E142FB4C21CA523200C8227C /* OptionEnumeViewController.h */,
				E142FB4D21CA523200C8227C /* OptionEnumeViewController.m */,
			);
			path = "位移枚举";
			sourceTree = "<group>";
		};
		E14599E52122DDDE00293226 /* 三方引用 */ = {
			isa = PBXGroup;
			children = (
				E14599E62122DDDE00293226 /* HYBUnicodeReadable */,
			);
			path = "三方引用";
			sourceTree = "<group>";
		};
		E14599E62122DDDE00293226 /* HYBUnicodeReadable */ = {
			isa = PBXGroup;
			children = (
				E14599E72122DDDE00293226 /* NSArray+HYBUnicodeReadable.m */,
				E14599E82122DDDE00293226 /* NSDictionary+HYBUnicodeReadable.m */,
				E14599E92122DDDE00293226 /* NSSet+HYBUnicodeReadable.m */,
				E14599EA2122DDDE00293226 /* NSArray+HYBUnicodeReadable.h */,
				E14599EB2122DDDE00293226 /* NSDictionary+HYBUnicodeReadable.h */,
				E14599EC2122DDDE00293226 /* NSSet+HYBUnicodeReadable.h */,
			);
			path = HYBUnicodeReadable;
			sourceTree = "<group>";
		};
		E14599ED2122DDDE00293226 /* 临时文件夹 */ = {
			isa = PBXGroup;
			children = (
			);
			path = "临时文件夹";
			sourceTree = "<group>";
		};
		E14599EE2122DDDE00293226 /* 特殊控件 */ = {
			isa = PBXGroup;
			children = (
				E14599EF2122DDDE00293226 /* 画虚线 */,
			);
			path = "特殊控件";
			sourceTree = "<group>";
		};
		E14599EF2122DDDE00293226 /* 画虚线 */ = {
			isa = PBXGroup;
			children = (
				E14599F02122DDDE00293226 /* UIView+DotterLine.h */,
				E14599F12122DDDE00293226 /* UIView+DotterLine.m */,
			);
			path = "画虚线";
			sourceTree = "<group>";
		};
		E14599F22122DDDF00293226 /* 奇技淫巧 */ = {
			isa = PBXGroup;
			children = (
				E1950D902153AD1C007D7265 /* 图片无损存取 */,
				E1950D912153AD30007D7265 /* 获取设备信息 */,
			);
			path = "奇技淫巧";
			sourceTree = "<group>";
		};
		E14599F52122DDDF00293226 /* 工具包 */ = {
			isa = PBXGroup;
			children = (
				A44AE9D123137954006E2FEB /* 时间日期格式化 */,
				E1661DC52181B1CF00E82979 /* 扩展 */,
				E14599F62122DDDF00293226 /* 网络 */,
				E14599F92122DDDF00293226 /* 银行卡号金额 */,
				E14599FC2122DDDF00293226 /* 颜色 */,
				E14599FF2122DDDF00293226 /* 中文姓名 */,
				E1459A042122DDDF00293226 /* 邮箱 */,
				E1459A072122DDDF00293226 /* 设备型号信息 */,
				E1459A082122DDDF00293226 /* 地址URL */,
				E1459A0B2122DDDF00293226 /* 手机号QQ号 */,
				E1459A0E2122DDDF00293226 /* 设备 */,
				E1459A112122DDDF00293226 /* 身份证号 */,
				E1459A142122DDDF00293226 /* 字典数组Json */,
			);
			path = "工具包";
			sourceTree = "<group>";
		};
		E14599F62122DDDF00293226 /* 网络 */ = {
			isa = PBXGroup;
			children = (
				E14599F72122DDDF00293226 /* NetWorkTools.h */,
				E14599F82122DDDF00293226 /* NetWorkTools.m */,
			);
			path = "网络";
			sourceTree = "<group>";
		};
		E14599F92122DDDF00293226 /* 银行卡号金额 */ = {
			isa = PBXGroup;
			children = (
				E14599FA2122DDDF00293226 /* NSString+BankFinance.h */,
				E14599FB2122DDDF00293226 /* NSString+BankFinance.m */,
			);
			path = "银行卡号金额";
			sourceTree = "<group>";
		};
		E14599FC2122DDDF00293226 /* 颜色 */ = {
			isa = PBXGroup;
			children = (
				E14599FD2122DDDF00293226 /* UIColor+Easy.h */,
				E14599FE2122DDDF00293226 /* UIColor+Easy.m */,
			);
			path = "颜色";
			sourceTree = "<group>";
		};
		E14599FF2122DDDF00293226 /* 中文姓名 */ = {
			isa = PBXGroup;
			children = (
				E1459A002122DDDF00293226 /* NSString+ChineseCharactersToSpelling.h */,
				E1459A012122DDDF00293226 /* NSString+Name.h */,
				E1459A022122DDDF00293226 /* NSString+ChineseCharactersToSpelling.m */,
				E1459A032122DDDF00293226 /* NSString+Name.m */,
			);
			path = "中文姓名";
			sourceTree = "<group>";
		};
		E1459A042122DDDF00293226 /* 邮箱 */ = {
			isa = PBXGroup;
			children = (
				E1459A052122DDDF00293226 /* NSString+Email.h */,
				E1459A062122DDDF00293226 /* NSString+Email.m */,
			);
			path = "邮箱";
			sourceTree = "<group>";
		};
		E1459A072122DDDF00293226 /* 设备型号信息 */ = {
			isa = PBXGroup;
			children = (
			);
			path = "设备型号信息";
			sourceTree = "<group>";
		};
		E1459A082122DDDF00293226 /* 地址URL */ = {
			isa = PBXGroup;
			children = (
				E1459A092122DDDF00293226 /* NSString+URL.m */,
				E1459A0A2122DDDF00293226 /* NSString+URL.h */,
			);
			path = "地址URL";
			sourceTree = "<group>";
		};
		E1459A0B2122DDDF00293226 /* 手机号QQ号 */ = {
			isa = PBXGroup;
			children = (
				E1459A0C2122DDDF00293226 /* NSString+PhoneNumber.m */,
				E1459A0D2122DDDF00293226 /* NSString+PhoneNumber.h */,
			);
			path = "手机号QQ号";
			sourceTree = "<group>";
		};
		E1459A0E2122DDDF00293226 /* 设备 */ = {
			isa = PBXGroup;
			children = (
				E1459A0F2122DDDF00293226 /* UIDevice+Resolutions.m */,
				E1459A102122DDDF00293226 /* UIDevice+Resolutions.h */,
			);
			path = "设备";
			sourceTree = "<group>";
		};
		E1459A112122DDDF00293226 /* 身份证号 */ = {
			isa = PBXGroup;
			children = (
				E1459A122122DDDF00293226 /* NSString+IDCardNumber.h */,
				E1459A132122DDDF00293226 /* NSString+IDCardNumber.m */,
			);
			path = "身份证号";
			sourceTree = "<group>";
		};
		E1459A142122DDDF00293226 /* 字典数组Json */ = {
			isa = PBXGroup;
			children = (
				E1459A152122DDDF00293226 /* NSDictionary+Easy.h */,
				E1459A162122DDDF00293226 /* NSDictionary+Easy.m */,
			);
			path = "字典数组Json";
			sourceTree = "<group>";
		};
		E1459A272122DF5200293226 /* 多线程 */ = {
			isa = PBXGroup;
			children = (
				E1459A282122DF7300293226 /* GCDViewController.h */,
				E1459A292122DF7300293226 /* GCDViewController.m */,
				E1459A2A2122DF7300293226 /* GCDViewController.xib */,
				E150A7B821C72FC000953640 /* NSthreadViewController.h */,
				E150A7B921C72FC000953640 /* NSthreadViewController.m */,
				E150A7BB21C73D7600953640 /* ThreadSafeViewController.h */,
				E150A7BC21C73D7600953640 /* ThreadSafeViewController.m */,
				E1689AEA21C8C99400F85232 /* NSOperationViewController.h */,
				E1689AEB21C8C99400F85232 /* NSOperationViewController.m */,
				E1689AF021C8D0B500F85232 /* NSOperationViewController.xib */,
				E1689AED21C8CE4200F85232 /* CustomOperation.h */,
				E1689AEE21C8CE4200F85232 /* CustomOperation.m */,
				E142FB4821C9E05C00C8227C /* CustomThread.h */,
				E142FB4921C9E05C00C8227C /* CustomThread.m */,
			);
			path = "多线程";
			sourceTree = "<group>";
		};
		E15F7AE4218AE9480011A334 /* 图片擦除 刮奖效果 */ = {
			isa = PBXGroup;
			children = (
				E15F7AE5218AE9640011A334 /* ClearImageViewController.h */,
				E15F7AE6218AE9640011A334 /* ClearImageViewController.m */,
				E15F7AE7218AE9640011A334 /* ClearImageViewController.xib */,
			);
			path = "图片擦除 刮奖效果";
			sourceTree = "<group>";
		};
		E163C3EC2193C58B00B63EC5 /* 9宫格解锁 */ = {
			isa = PBXGroup;
			children = (
				E163C3F42193C65D00B63EC5 /* Lock9PointViewController.h */,
				E163C3F52193C65D00B63EC5 /* Lock9PointViewController.m */,
				E163C3F12193C5E400B63EC5 /* LockView.h */,
				E163C3F22193C5E400B63EC5 /* LockView.m */,
			);
			path = "9宫格解锁";
			sourceTree = "<group>";
		};
		E163C3F72193CFBD00B63EC5 /* 涂鸦 */ = {
			isa = PBXGroup;
			children = (
				E163C3FB2193CFEC00B63EC5 /* DrawingBoardViewController.h */,
				E163C3F82193CFEB00B63EC5 /* DrawingBoardViewController.m */,
				E163C3FF2193CFEC00B63EC5 /* DrawingBoardViewController.xib */,
				E163C3F92193CFEC00B63EC5 /* DrawView.h */,
				E163C3FC2193CFEC00B63EC5 /* DrawView.m */,
				E163C3FE2193CFEC00B63EC5 /* HandleImageView.h */,
				E163C3FA2193CFEC00B63EC5 /* HandleImageView.m */,
				E163C3FD2193CFEC00B63EC5 /* MyBezierPath.h */,
				E163C4002193CFEC00B63EC5 /* MyBezierPath.m */,
			);
			path = "涂鸦";
			sourceTree = "<group>";
		};
		E1646AB321BA0FC900378083 /* UITableViewCell选中样式和默认选中 */ = {
			isa = PBXGroup;
			children = (
				E1646ABA21BA10E200378083 /* SelectionTableViewController.h */,
				E1646ABB21BA10E200378083 /* SelectionTableViewController.m */,
				E1646AB521BA0FD900378083 /* SelectionCell.h */,
				E1646AB421BA0FD900378083 /* SelectionCell.m */,
			);
			path = "UITableViewCell选中样式和默认选中";
			sourceTree = "<group>";
		};
		E1661DC22181A38D00E82979 /* Image */ = {
			isa = PBXGroup;
			children = (
				E13A563021F9B150006447E3 /* file_zipped@2x.png */,
				E13A562E21F9B147006447E3 /* file_folder@2x.png */,
				E134E76421DC492E00CD2019 /* 忘了爱.jpg */,
				E1646ABD21BA194100378083 /* tooles.png */,
				E1661DC32181A39100E82979 /* back.jpg */,
				E163C3EE2193C5AB00B63EC5 /* lock_normal.png */,
				E163C3ED2193C5AB00B63EC5 /* lock_selected.png */,
			);
			path = Image;
			sourceTree = "<group>";
		};
		E1661DC52181B1CF00E82979 /* 扩展 */ = {
			isa = PBXGroup;
			children = (
				E1661DC62181B1E200E82979 /* UIImage+Image.h */,
				E1661DC72181B1E200E82979 /* UIImage+Image.m */,
				E15F7AE2218AD8F60011A334 /* UIView+Yuency.h */,
				E15F7AE1218AD8F50011A334 /* UIView+Yuency.m */,
				E19DB28B21B509C400FF0042 /* NSArray+Yuency.h */,
				E19DB28C21B509C400FF0042 /* NSArray+Yuency.m */,
				E19DB28E21B50CB100FF0042 /* NSString+Yuency.h */,
				E19DB28F21B50CB100FF0042 /* NSString+Yuency.m */,
				E19DB29221B512A400FF0042 /* NSObject+Validate.h */,
				E19DB29121B512A300FF0042 /* NSObject+Validate.m */,
			);
			path = "扩展";
			sourceTree = "<group>";
		};
		E1689AE521C8987F00F85232 /* 单例的写法 */ = {
			isa = PBXGroup;
			children = (
				E1689AE621C8989B00F85232 /* Tools.h */,
				E1689AE721C8989B00F85232 /* Tools.m */,
				E1689AE921C898BE00F85232 /* SingleInstance.h */,
			);
			path = "单例的写法";
			sourceTree = "<group>";
		};
		E17243B421CB71E2007FBECA /* 线程保活 */ = {
			isa = PBXGroup;
			children = (
			);
			path = "线程保活";
			sourceTree = "<group>";
		};
		E1950D902153AD1C007D7265 /* 图片无损存取 */ = {
			isa = PBXGroup;
			children = (
				E1950D8B2153AD06007D7265 /* PhotoLosslessSaveViewController.h */,
				E1950D8C2153AD06007D7265 /* PhotoLosslessSaveViewController.m */,
				E1950D8D2153AD06007D7265 /* PhotoLosslessSaveViewController.xib */,
			);
			path = "图片无损存取";
			sourceTree = "<group>";
		};
		E1950D912153AD30007D7265 /* 获取设备信息 */ = {
			isa = PBXGroup;
			children = (
				E14599F32122DDDF00293226 /* SkillDevice.h */,
				E14599F42122DDDF00293226 /* SkillDevice.m */,
			);
			path = "获取设备信息";
			sourceTree = "<group>";
		};
		E199252021A6514900591074 /* 制作一个弹出框 */ = {
			isa = PBXGroup;
			children = (
				E199252121A6518600591074 /* NormalPopUpViewController.h */,
				E199252221A6518600591074 /* NormalPopUpViewController.m */,
				E15FD01E21D4CC1E003B1B15 /* NormalPopUpViewController.xib */,
				E199252621A651A000591074 /* MemoryView.h */,
				E199252521A651A000591074 /* MemoryView.m */,
				E199252421A651A000591074 /* MemoryView.xib */,
				E15FD01B21D4CB58003B1B15 /* BankCardListView.h */,
				E15FD01A21D4CB58003B1B15 /* BankCardListView.m */,
				E15FD01921D4CB58003B1B15 /* BankCardListView.xib */,
				E1B8574121B8CC7D00882989 /* RebateTradingKeyBoardView.h */,
				E1B8574021B8CC7D00882989 /* RebateTradingKeyBoardView.m */,
				E1B8574221B8CC7E00882989 /* RebateTradingKeyBoardView.xib */,
				E1AD94F721E2E38A0082E77D /* HomePagePopView.h */,
				E1AD94F821E2E38A0082E77D /* HomePagePopView.m */,
				E1AD94F921E2E38B0082E77D /* HomePagePopView.xib */,
			);
			path = "制作一个弹出框";
			sourceTree = "<group>";
		};
		E1B8572F21B8AF2900882989 /* 动画 */ = {
			isa = PBXGroup;
			children = (
				E1B8573021B8AF8D00882989 /* QQ 粘性效果 */,
			);
			path = "动画";
			sourceTree = "<group>";
		};
		E1B8573021B8AF8D00882989 /* QQ 粘性效果 */ = {
			isa = PBXGroup;
			children = (
				E1B8573721B8B4BA00882989 /* AnimationQQButtonViewController.h */,
				E1B8573821B8B4BA00882989 /* AnimationQQButtonViewController.m */,
				E1B8573121B8B05E00882989 /* QQButton.h */,
				E1B8573221B8B05E00882989 /* QQButton.m */,
			);
			path = "QQ 粘性效果";
			sourceTree = "<group>";
		};
/* End PBXGroup section */

/* Begin PBXNativeTarget section */
		E115D667210FFA57007514FE /* ObjectiveCTools */ = {
			isa = PBXNativeTarget;
			buildConfigurationList = E115D67E210FFA58007514FE /* Build configuration list for PBXNativeTarget "ObjectiveCTools" */;
			buildPhases = (
				E115D664210FFA57007514FE /* Sources */,
				E115D665210FFA57007514FE /* Frameworks */,
				E115D666210FFA57007514FE /* Resources */,
			);
			buildRules = (
			);
			dependencies = (
			);
			name = ObjectiveCTools;
			productName = ObjectiveCTools;
			productReference = E115D668210FFA57007514FE /* ObjectiveCTools.app */;
			productType = "com.apple.product-type.application";
		};
/* End PBXNativeTarget section */

/* Begin PBXProject section */
		E115D660210FFA57007514FE /* Project object */ = {
			isa = PBXProject;
			attributes = {
				LastUpgradeCheck = 1000;
				ORGANIZATIONNAME = "姬友大人";
				TargetAttributes = {
					E115D667210FFA57007514FE = {
						CreatedOnToolsVersion = 9.1;
						ProvisioningStyle = Automatic;
					};
				};
			};
			buildConfigurationList = E115D663210FFA57007514FE /* Build configuration list for PBXProject "ObjectiveCTools" */;
			compatibilityVersion = "Xcode 8.0";
			developmentRegion = en;
			hasScannedForEncodings = 0;
			knownRegions = (
				en,
				Base,
			);
			mainGroup = E115D65F210FFA57007514FE;
			productRefGroup = E115D669210FFA57007514FE /* Products */;
			projectDirPath = "";
			projectRoot = "";
			targets = (
				E115D667210FFA57007514FE /* ObjectiveCTools */,
			);
		};
/* End PBXProject section */

/* Begin PBXResourcesBuildPhase section */
		E115D666210FFA57007514FE /* Resources */ = {
			isa = PBXResourcesBuildPhase;
			buildActionMask = 2147483647;
			files = (
				E115D678210FFA57007514FE /* LaunchScreen.storyboard in Resources */,
				E148E82F2140F77500019E60 /* UILabelViewController.xib in Resources */,
				E163C4042193CFEC00B63EC5 /* DrawingBoardViewController.xib in Resources */,
				E199252721A651A000591074 /* MemoryView.xib in Resources */,
				B0E9A7952238EBD000787F85 /* RecordingViewController.xib in Resources */,
				E15F7AE9218AE9640011A334 /* ClearImageViewController.xib in Resources */,
				E115D675210FFA57007514FE /* Assets.xcassets in Resources */,
				E115D673210FFA57007514FE /* Main.storyboard in Resources */,
				E163C3F02193C5AB00B63EC5 /* lock_normal.png in Resources */,
				B0E9A79B2238F57700787F85 /* ScreenShotViewController.xib in Resources */,
				E17700092178337F0050C110 /* POPViewController.xib in Resources */,
				E13A563121F9B150006447E3 /* file_zipped@2x.png in Resources */,
				E1950D8F2153AD06007D7265 /* PhotoLosslessSaveViewController.xib in Resources */,
				E13A562F21F9B147006447E3 /* file_folder@2x.png in Resources */,
				E15FD01C21D4CB58003B1B15 /* BankCardListView.xib in Resources */,
				E134E76521DC492E00CD2019 /* 忘了爱.jpg in Resources */,
				E1661DC12181921900E82979 /* ScaleScrollViewController.xib in Resources */,
				E1661DC42181A39200E82979 /* back.jpg in Resources */,
				E1689AF121C8D0B500F85232 /* NSOperationViewController.xib in Resources */,
				E163C3EF2193C5AB00B63EC5 /* lock_selected.png in Resources */,
				E1B8574421B8CC7E00882989 /* RebateTradingKeyBoardView.xib in Resources */,
				E1459A2C2122DF7300293226 /* GCDViewController.xib in Resources */,
				E15FD01F21D4CC1E003B1B15 /* NormalPopUpViewController.xib in Resources */,
				E123BAF92133FC5F003AE0C9 /* TextFieldViewController.xib in Resources */,
				E1646ABE21BA194200378083 /* tooles.png in Resources */,
				E1AD94FB21E2E38B0082E77D /* HomePagePopView.xib in Resources */,
				A45399AF22EEA84E00918A12 /* SlidingCircularViewController.xib in Resources */,
				B07BFF08224B0F2B0094C2D8 /* LiveRecordViewController.xib in Resources */,
			);
			runOnlyForDeploymentPostprocessing = 0;
		};
/* End PBXResourcesBuildPhase section */

/* Begin PBXSourcesBuildPhase section */
		E115D664210FFA57007514FE /* Sources */ = {
			isa = PBXSourcesBuildPhase;
			buildActionMask = 2147483647;
			files = (
				A44AE9DB23137A5C006E2FEB /* NSString+YXDateFormat.m in Sources */,
				E13F22E32187F52E00F9A965 /* FakeChooseViewController.m in Sources */,
				E163C4052193CFEC00B63EC5 /* MyBezierPath.m in Sources */,
				E199252321A6518600591074 /* NormalPopUpViewController.m in Sources */,
				E19DB29021B50CB100FF0042 /* NSString+Yuency.m in Sources */,
				E163C3F32193C5E400B63EC5 /* LockView.m in Sources */,
				E123BAF82133FC5F003AE0C9 /* TextFieldViewController.m in Sources */,
				E13F22F52187FA4D00F9A965 /* FakeChooseModel.m in Sources */,
				E1459A1D2122DDDF00293226 /* NSString+BankFinance.m in Sources */,
				A44AE9DF23137AE3006E2FEB /* DateFormatViewController.m in Sources */,
				B07BFF07224B0F2B0094C2D8 /* LiveRecordViewController.m in Sources */,
				E17700082178337F0050C110 /* POPViewController.m in Sources */,
				D61BD631248A047E00BDAD0D /* MyTextView.m in Sources */,
				E1459A172122DDDF00293226 /* NSArray+HYBUnicodeReadable.m in Sources */,
				B0F8B294224CB06800A8A2AD /* YXFilePath.m in Sources */,
				E1459A1A2122DDDF00293226 /* UIView+DotterLine.m in Sources */,
				E199252821A651A000591074 /* MemoryView.m in Sources */,
				E1459A2B2122DF7300293226 /* GCDViewController.m in Sources */,
				E1B8573321B8B05E00882989 /* QQButton.m in Sources */,
				E1AD94FA21E2E38B0082E77D /* HomePagePopView.m in Sources */,
				E1689AEF21C8CE4200F85232 /* CustomOperation.m in Sources */,
				E1459A182122DDDF00293226 /* NSDictionary+HYBUnicodeReadable.m in Sources */,
				E163C4012193CFEC00B63EC5 /* DrawingBoardViewController.m in Sources */,
				E1459A1F2122DDDF00293226 /* NSString+ChineseCharactersToSpelling.m in Sources */,
				B0E9A7942238EBD000787F85 /* RecordingViewController.m in Sources */,
				E150A7BA21C72FC000953640 /* NSthreadViewController.m in Sources */,
				E15FD01D21D4CB58003B1B15 /* BankCardListView.m in Sources */,
				E13F22EF2187F5A600F9A965 /* ItemCollectionView.m in Sources */,
				E15F7AE3218AD8F60011A334 /* UIView+Yuency.m in Sources */,
				E148E82E2140F77500019E60 /* UILabelViewController.m in Sources */,
				E115D670210FFA57007514FE /* ViewController.m in Sources */,
				D622B01324B2F64600CB3CF9 /* LetCenter_A_ScrollView.m in Sources */,
				E13F22EC2187F5A600F9A965 /* ItemView.m in Sources */,
				E1459A212122DDDF00293226 /* NSString+Email.m in Sources */,
				A44AE9D5231379BF006E2FEB /* NSDateComponents+YXDateComponentsCategory.m in Sources */,
				E1B8573A21B8B4BA00882989 /* AnimationQQButtonViewController.m in Sources */,
				E1459A232122DDDF00293226 /* NSString+PhoneNumber.m in Sources */,
				B0E9A78D2238EBA200787F85 /* YXReplayManager.m in Sources */,
				E142FB4A21C9E05C00C8227C /* CustomThread.m in Sources */,
				E19DB29321B512A400FF0042 /* NSObject+Validate.m in Sources */,
				E1661DC82181B1E200E82979 /* UIImage+Image.m in Sources */,
				B0F8B296224CB06800A8A2AD /* YXAudioRecorder.m in Sources */,
				B0E9A79A2238F57700787F85 /* ScreenShotViewController.m in Sources */,
				E1459A222122DDDF00293226 /* NSString+URL.m in Sources */,
				E1459A252122DDDF00293226 /* NSString+IDCardNumber.m in Sources */,
				E1459A1E2122DDDF00293226 /* UIColor+Easy.m in Sources */,
				D622B01024B2F57900CB3CF9 /* LetSVSCViewController.m in Sources */,
				E163C3F62193C65D00B63EC5 /* Lock9PointViewController.m in Sources */,
				E1646ABC21BA10E200378083 /* SelectionTableViewController.m in Sources */,
				E1646AB621BA0FD900378083 /* SelectionCell.m in Sources */,
				E150A7BD21C73D7600953640 /* ThreadSafeViewController.m in Sources */,
				E1459A192122DDDF00293226 /* NSSet+HYBUnicodeReadable.m in Sources */,
				A45399B222EEA87C00918A12 /* YXGoalReviewView.m in Sources */,
				E1459A202122DDDF00293226 /* NSString+Name.m in Sources */,
				A44AE9D823137A07006E2FEB /* NSDate+YXDateCategory.m in Sources */,
				B0F8B295224CB06800A8A2AD /* YXRecorderManager.m in Sources */,
				E163C4032193CFEC00B63EC5 /* DrawView.m in Sources */,
				E1689AE821C8989B00F85232 /* Tools.m in Sources */,
				E1459A1C2122DDDF00293226 /* NetWorkTools.m in Sources */,
				E142FB4E21CA523200C8227C /* OptionEnumeViewController.m in Sources */,
				E19DB28D21B509C400FF0042 /* NSArray+Yuency.m in Sources */,
				E115D67B210FFA58007514FE /* main.m in Sources */,
				E163C4022193CFEC00B63EC5 /* HandleImageView.m in Sources */,
				E13A562D21F9B09B006447E3 /* LeftSwipDeleteViewController.m in Sources */,
				A45399AE22EEA84E00918A12 /* SlidingCircularViewController.m in Sources */,
				E115D66D210FFA57007514FE /* AppDelegate.m in Sources */,
				E1661DC02181921900E82979 /* ScaleScrollViewController.m in Sources */,
				E1459A242122DDDF00293226 /* UIDevice+Resolutions.m in Sources */,
				E1950D8E2153AD06007D7265 /* PhotoLosslessSaveViewController.m in Sources */,
				E15F7AE8218AE9640011A334 /* ClearImageViewController.m in Sources */,
				E1459A262122DDDF00293226 /* NSDictionary+Easy.m in Sources */,
				E1658F142139239100479FE3 /* TextViewViewController.m in Sources */,
				E1B8574321B8CC7E00882989 /* RebateTradingKeyBoardView.m in Sources */,
				E1459A1B2122DDDF00293226 /* SkillDevice.m in Sources */,
				A45399BF22EEBA8B00918A12 /* LZGoalReviewViewOC.m in Sources */,
				D622B01624B2F64F00CB3CF9 /* LetCenter_B_ScrollView.m in Sources */,
				B0F8B293224CB06800A8A2AD /* YXFrameRecorder.m in Sources */,
				E1689AEC21C8C99400F85232 /* NSOperationViewController.m in Sources */,
			);
			runOnlyForDeploymentPostprocessing = 0;
		};
/* End PBXSourcesBuildPhase section */

/* Begin PBXVariantGroup section */
		E115D671210FFA57007514FE /* Main.storyboard */ = {
			isa = PBXVariantGroup;
			children = (
				E115D672210FFA57007514FE /* Base */,
			);
			name = Main.storyboard;
			sourceTree = "<group>";
		};
		E115D676210FFA57007514FE /* LaunchScreen.storyboard */ = {
			isa = PBXVariantGroup;
			children = (
				E115D677210FFA57007514FE /* Base */,
			);
			name = LaunchScreen.storyboard;
			sourceTree = "<group>";
		};
/* End PBXVariantGroup section */

/* Begin XCBuildConfiguration section */
		E115D67C210FFA58007514FE /* Debug */ = {
			isa = XCBuildConfiguration;
			buildSettings = {
				ALWAYS_SEARCH_USER_PATHS = NO;
				CLANG_ANALYZER_NONNULL = YES;
				CLANG_ANALYZER_NUMBER_OBJECT_CONVERSION = YES_AGGRESSIVE;
				CLANG_CXX_LANGUAGE_STANDARD = "gnu++14";
				CLANG_CXX_LIBRARY = "libc++";
				CLANG_ENABLE_MODULES = YES;
				CLANG_ENABLE_OBJC_ARC = YES;
				CLANG_WARN_BLOCK_CAPTURE_AUTORELEASING = YES;
				CLANG_WARN_BOOL_CONVERSION = YES;
				CLANG_WARN_COMMA = YES;
				CLANG_WARN_CONSTANT_CONVERSION = YES;
				CLANG_WARN_DEPRECATED_OBJC_IMPLEMENTATIONS = YES;
				CLANG_WARN_DIRECT_OBJC_ISA_USAGE = YES_ERROR;
				CLANG_WARN_DOCUMENTATION_COMMENTS = YES;
				CLANG_WARN_EMPTY_BODY = YES;
				CLANG_WARN_ENUM_CONVERSION = YES;
				CLANG_WARN_INFINITE_RECURSION = YES;
				CLANG_WARN_INT_CONVERSION = YES;
				CLANG_WARN_NON_LITERAL_NULL_CONVERSION = YES;
				CLANG_WARN_OBJC_IMPLICIT_RETAIN_SELF = YES;
				CLANG_WARN_OBJC_LITERAL_CONVERSION = YES;
				CLANG_WARN_OBJC_ROOT_CLASS = YES_ERROR;
				CLANG_WARN_RANGE_LOOP_ANALYSIS = YES;
				CLANG_WARN_STRICT_PROTOTYPES = YES;
				CLANG_WARN_SUSPICIOUS_MOVE = YES;
				CLANG_WARN_UNGUARDED_AVAILABILITY = YES_AGGRESSIVE;
				CLANG_WARN_UNREACHABLE_CODE = YES;
				CLANG_WARN__DUPLICATE_METHOD_MATCH = YES;
				CODE_SIGN_IDENTITY = "iPhone Developer";
				COPY_PHASE_STRIP = NO;
				DEBUG_INFORMATION_FORMAT = dwarf;
				ENABLE_STRICT_OBJC_MSGSEND = YES;
				ENABLE_TESTABILITY = YES;
				GCC_C_LANGUAGE_STANDARD = gnu11;
				GCC_DYNAMIC_NO_PIC = NO;
				GCC_NO_COMMON_BLOCKS = YES;
				GCC_OPTIMIZATION_LEVEL = 0;
				GCC_PREPROCESSOR_DEFINITIONS = (
					"DEBUG=1",
					"$(inherited)",
				);
				GCC_WARN_64_TO_32_BIT_CONVERSION = YES;
				GCC_WARN_ABOUT_RETURN_TYPE = YES_ERROR;
				GCC_WARN_UNDECLARED_SELECTOR = YES;
				GCC_WARN_UNINITIALIZED_AUTOS = YES_AGGRESSIVE;
				GCC_WARN_UNUSED_FUNCTION = YES;
				GCC_WARN_UNUSED_VARIABLE = YES;
				IPHONEOS_DEPLOYMENT_TARGET = 9.0;
				MTL_ENABLE_DEBUG_INFO = YES;
				ONLY_ACTIVE_ARCH = YES;
				SDKROOT = iphoneos;
			};
			name = Debug;
		};
		E115D67D210FFA58007514FE /* Release */ = {
			isa = XCBuildConfiguration;
			buildSettings = {
				ALWAYS_SEARCH_USER_PATHS = NO;
				CLANG_ANALYZER_NONNULL = YES;
				CLANG_ANALYZER_NUMBER_OBJECT_CONVERSION = YES_AGGRESSIVE;
				CLANG_CXX_LANGUAGE_STANDARD = "gnu++14";
				CLANG_CXX_LIBRARY = "libc++";
				CLANG_ENABLE_MODULES = YES;
				CLANG_ENABLE_OBJC_ARC = YES;
				CLANG_WARN_BLOCK_CAPTURE_AUTORELEASING = YES;
				CLANG_WARN_BOOL_CONVERSION = YES;
				CLANG_WARN_COMMA = YES;
				CLANG_WARN_CONSTANT_CONVERSION = YES;
				CLANG_WARN_DEPRECATED_OBJC_IMPLEMENTATIONS = YES;
				CLANG_WARN_DIRECT_OBJC_ISA_USAGE = YES_ERROR;
				CLANG_WARN_DOCUMENTATION_COMMENTS = YES;
				CLANG_WARN_EMPTY_BODY = YES;
				CLANG_WARN_ENUM_CONVERSION = YES;
				CLANG_WARN_INFINITE_RECURSION = YES;
				CLANG_WARN_INT_CONVERSION = YES;
				CLANG_WARN_NON_LITERAL_NULL_CONVERSION = YES;
				CLANG_WARN_OBJC_IMPLICIT_RETAIN_SELF = YES;
				CLANG_WARN_OBJC_LITERAL_CONVERSION = YES;
				CLANG_WARN_OBJC_ROOT_CLASS = YES_ERROR;
				CLANG_WARN_RANGE_LOOP_ANALYSIS = YES;
				CLANG_WARN_STRICT_PROTOTYPES = YES;
				CLANG_WARN_SUSPICIOUS_MOVE = YES;
				CLANG_WARN_UNGUARDED_AVAILABILITY = YES_AGGRESSIVE;
				CLANG_WARN_UNREACHABLE_CODE = YES;
				CLANG_WARN__DUPLICATE_METHOD_MATCH = YES;
				CODE_SIGN_IDENTITY = "iPhone Developer";
				COPY_PHASE_STRIP = NO;
				DEBUG_INFORMATION_FORMAT = "dwarf-with-dsym";
				ENABLE_NS_ASSERTIONS = NO;
				ENABLE_STRICT_OBJC_MSGSEND = YES;
				GCC_C_LANGUAGE_STANDARD = gnu11;
				GCC_NO_COMMON_BLOCKS = YES;
				GCC_WARN_64_TO_32_BIT_CONVERSION = YES;
				GCC_WARN_ABOUT_RETURN_TYPE = YES_ERROR;
				GCC_WARN_UNDECLARED_SELECTOR = YES;
				GCC_WARN_UNINITIALIZED_AUTOS = YES_AGGRESSIVE;
				GCC_WARN_UNUSED_FUNCTION = YES;
				GCC_WARN_UNUSED_VARIABLE = YES;
				IPHONEOS_DEPLOYMENT_TARGET = 9.0;
				MTL_ENABLE_DEBUG_INFO = NO;
				SDKROOT = iphoneos;
				VALIDATE_PRODUCT = YES;
			};
			name = Release;
		};
		E115D67F210FFA58007514FE /* Debug */ = {
			isa = XCBuildConfiguration;
			buildSettings = {
				ASSETCATALOG_COMPILER_APPICON_NAME = AppIcon;
				CODE_SIGN_STYLE = Automatic;
				DEVELOPMENT_TEAM = DPG7R2T6WP;
				INFOPLIST_FILE = ObjectiveCTools/Info.plist;
				IPHONEOS_DEPLOYMENT_TARGET = 9.0;
				LD_RUNPATH_SEARCH_PATHS = "$(inherited) @executable_path/Frameworks";
				PRODUCT_BUNDLE_IDENTIFIER = yuency.demo;
				PRODUCT_NAME = "$(TARGET_NAME)";
				TARGETED_DEVICE_FAMILY = "1,2";
			};
			name = Debug;
		};
		E115D680210FFA58007514FE /* Release */ = {
			isa = XCBuildConfiguration;
			buildSettings = {
				ASSETCATALOG_COMPILER_APPICON_NAME = AppIcon;
				CODE_SIGN_STYLE = Automatic;
				DEVELOPMENT_TEAM = DPG7R2T6WP;
				INFOPLIST_FILE = ObjectiveCTools/Info.plist;
				IPHONEOS_DEPLOYMENT_TARGET = 9.0;
				LD_RUNPATH_SEARCH_PATHS = "$(inherited) @executable_path/Frameworks";
				PRODUCT_BUNDLE_IDENTIFIER = yuency.demo;
				PRODUCT_NAME = "$(TARGET_NAME)";
				TARGETED_DEVICE_FAMILY = "1,2";
			};
			name = Release;
		};
/* End XCBuildConfiguration section */

/* Begin XCConfigurationList section */
		E115D663210FFA57007514FE /* Build configuration list for PBXProject "ObjectiveCTools" */ = {
			isa = XCConfigurationList;
			buildConfigurations = (
				E115D67C210FFA58007514FE /* Debug */,
				E115D67D210FFA58007514FE /* Release */,
			);
			defaultConfigurationIsVisible = 0;
			defaultConfigurationName = Release;
		};
		E115D67E210FFA58007514FE /* Build configuration list for PBXNativeTarget "ObjectiveCTools" */ = {
			isa = XCConfigurationList;
			buildConfigurations = (
				E115D67F210FFA58007514FE /* Debug */,
				E115D680210FFA58007514FE /* Release */,
			);
			defaultConfigurationIsVisible = 0;
			defaultConfigurationName = Release;
		};
/* End XCConfigurationList section */
	};
	rootObject = E115D660210FFA57007514FE /* Project object */;
}
